PODS:
  - Firebase/Core (4.1.1):
    - FirebaseAnalytics (= 4.0.3)
    - FirebaseCore (= 4.0.6)
  - Firebase/Crash (4.1.1):
    - Firebase/Core
    - FirebaseCrash (= 2.0.1)
  - FirebaseAnalytics (4.0.3):
    - FirebaseCore (~> 4.0)
    - FirebaseInstanceID (~> 2.0)
    - GoogleToolboxForMac/NSData+zlib (~> 2.1)
    - nanopb (~> 0.3)
  - FirebaseCore (4.0.6):
    - GoogleToolboxForMac/NSData+zlib (~> 2.1)
    - nanopb (~> 0.3)
  - FirebaseCrash (2.0.1):
    - FirebaseAnalytics (~> 4.0)
    - FirebaseInstanceID (~> 2.0)
    - GoogleToolboxForMac/Logger (~> 2.1)
    - GoogleToolboxForMac/NSData+zlib (~> 2.1)
    - Protobuf (~> 3.1)
  - FirebaseInstanceID (2.0.2):
    - FirebaseCore (~> 4.0)
  - GoogleToolboxForMac/Defines (2.1.1)
  - GoogleToolboxForMac/Logger (2.1.1):
    - GoogleToolboxForMac/Defines (= 2.1.1)
  - GoogleToolboxForMac/NSData+zlib (2.1.1):
    - GoogleToolboxForMac/Defines (= 2.1.1)
  - InAppSettingsKit (2.8.1)
  - nanopb (0.3.8):
    - nanopb/decode (= 0.3.8)
    - nanopb/encode (= 0.3.8)
  - nanopb/decode (0.3.8)
  - nanopb/encode (0.3.8)
  - Protobuf (3.4.0)

DEPENDENCIES:
  - Firebase/Core
  - Firebase/Crash
  - InAppSettingsKit

SPEC CHECKSUMS:
  Firebase: 052c0de688fc87b414996eea13e223dd9fee3fa2
  FirebaseAnalytics: 76f754d37ca5b04f36856729b6af3ca0152d1069
  FirebaseCore: 28def3c643989c97ea5a69ea5000f5fa9902b9fd
  FirebaseCrash: bce9fbfb7dd6cc850a41fe39740a2292e6b61f2e
  FirebaseInstanceID: c4c7fca62c7b7330caee5da04f19a37ea37bb1c1
  GoogleToolboxForMac: 8e329f1b599f2512c6b10676d45736bcc2cbbeb0
  InAppSettingsKit: 94d2fba3ccd700fc4e32c6d09fabcc0af2426744
  nanopb: 5601e6bca2dbf1ed831b519092ec110f66982ca3
  Protobuf: 03eef2ee0b674770735cf79d9c4d3659cf6908e8

PODFILE CHECKSUM: 5aa2b708132ae3c2a01d13dbb9f91e3ee1c8ff21

COCOAPODS: 1.3.1
