// !$*UTF8*$!
{
	archiveVersion = 1;
	classes = {
	};
	objectVersion = 46;
	objects = {

/* Begin PBXBuildFile section */
		CED4871C17DB1BF6007FCF57 /* UIKit.framework in Frameworks */ = {isa = PBXBuildFile; fileRef = CED4871B17DB1BF6007FCF57 /* UIKit.framework */; };
		CED4871E17DB1BF6007FCF57 /* Foundation.framework in Frameworks */ = {isa = PBXBuildFile; fileRef = CED4871D17DB1BF6007FCF57 /* Foundation.framework */; };
		CED4872017DB1BF6007FCF57 /* CoreGraphics.framework in Frameworks */ = {isa = PBXBuildFile; fileRef = CED4871F17DB1BF6007FCF57 /* CoreGraphics.framework */; };
		CED4872617DB1BF6007FCF57 /* InfoPlist.strings in Resources */ = {isa = PBXBuildFile; fileRef = CED4872417DB1BF6007FCF57 /* InfoPlist.strings */; };
		CED4872817DB1BF6007FCF57 /* main.m in Sources */ = {isa = PBXBuildFile; fileRef = CED4872717DB1BF6007FCF57 /* main.m */; };
		CED4872C17DB1BF6007FCF57 /* AppDelegate.m in Sources */ = {isa = PBXBuildFile; fileRef = CED4872B17DB1BF6007FCF57 /* AppDelegate.m */; };
		CED4872E17DB1BF6007FCF57 /* Default.png in Resources */ = {isa = PBXBuildFile; fileRef = CED4872D17DB1BF6007FCF57 /* Default.png */; };
		CED4873017DB1BF6007FCF57 /* Default@2x.png in Resources */ = {isa = PBXBuildFile; fileRef = CED4872F17DB1BF6007FCF57 /* Default@2x.png */; };
		CED4873217DB1BF6007FCF57 /* Default-568h@2x.png in Resources */ = {isa = PBXBuildFile; fileRef = CED4873117DB1BF6007FCF57 /* Default-568h@2x.png */; };
		CED4873517DB1BF6007FCF57 /* MainStoryboard_iPhone.storyboard in Resources */ = {isa = PBXBuildFile; fileRef = CED4873317DB1BF6007FCF57 /* MainStoryboard_iPhone.storyboard */; };
		CED4873817DB1BF6007FCF57 /* MainStoryboard_iPad.storyboard in Resources */ = {isa = PBXBuildFile; fileRef = CED4873617DB1BF6007FCF57 /* MainStoryboard_iPad.storyboard */; };
		CED4873B17DB1BF6007FCF57 /* ViewController.m in Sources */ = {isa = PBXBuildFile; fileRef = CED4873A17DB1BF6007FCF57 /* ViewController.m */; };
		CED4878A17DB1CBF007FCF57 /* IASKAppSettingsViewController.m in Sources */ = {isa = PBXBuildFile; fileRef = CED4876C17DB1CBF007FCF57 /* IASKAppSettingsViewController.m */; };
		CED4878B17DB1CBF007FCF57 /* IASKAppSettingsWebViewController.m in Sources */ = {isa = PBXBuildFile; fileRef = CED4876E17DB1CBF007FCF57 /* IASKAppSettingsWebViewController.m */; };
		CED4878C17DB1CBF007FCF57 /* IASKSpecifierValuesViewController.m in Sources */ = {isa = PBXBuildFile; fileRef = CED4877017DB1CBF007FCF57 /* IASKSpecifierValuesViewController.m */; };
		CED4878D17DB1CBF007FCF57 /* IASKSettingsReader.m in Sources */ = {isa = PBXBuildFile; fileRef = CED4877417DB1CBF007FCF57 /* IASKSettingsReader.m */; };
		CED4878E17DB1CBF007FCF57 /* IASKSettingsStore.m in Sources */ = {isa = PBXBuildFile; fileRef = CED4877617DB1CBF007FCF57 /* IASKSettingsStore.m */; };
		CED4878F17DB1CBF007FCF57 /* IASKSettingsStoreFile.m in Sources */ = {isa = PBXBuildFile; fileRef = CED4877817DB1CBF007FCF57 /* IASKSettingsStoreFile.m */; };
		CED4879017DB1CBF007FCF57 /* IASKSettingsStoreUserDefaults.m in Sources */ = {isa = PBXBuildFile; fileRef = CED4877A17DB1CBF007FCF57 /* IASKSettingsStoreUserDefaults.m */; };
		CED4879117DB1CBF007FCF57 /* IASKSpecifier.m in Sources */ = {isa = PBXBuildFile; fileRef = CED4877C17DB1CBF007FCF57 /* IASKSpecifier.m */; };
		CED4879217DB1CBF007FCF57 /* IASKPSSliderSpecifierViewCell.m in Sources */ = {isa = PBXBuildFile; fileRef = CED4877F17DB1CBF007FCF57 /* IASKPSSliderSpecifierViewCell.m */; };
		CED4879317DB1CBF007FCF57 /* IASKPSTextFieldSpecifierViewCell.m in Sources */ = {isa = PBXBuildFile; fileRef = CED4878117DB1CBF007FCF57 /* IASKPSTextFieldSpecifierViewCell.m */; };
		CED4879417DB1CBF007FCF57 /* IASKPSTitleValueSpecifierViewCell.m in Sources */ = {isa = PBXBuildFile; fileRef = CED4878317DB1CBF007FCF57 /* IASKPSTitleValueSpecifierViewCell.m */; };
		CED4879517DB1CBF007FCF57 /* IASKSlider.m in Sources */ = {isa = PBXBuildFile; fileRef = CED4878517DB1CBF007FCF57 /* IASKSlider.m */; };
		CED4879617DB1CBF007FCF57 /* IASKSwitch.m in Sources */ = {isa = PBXBuildFile; fileRef = CED4878717DB1CBF007FCF57 /* IASKSwitch.m */; };
		CED4879717DB1CBF007FCF57 /* IASKTextField.m in Sources */ = {isa = PBXBuildFile; fileRef = CED4878917DB1CBF007FCF57 /* IASKTextField.m */; };
		CED4879917DB1DF4007FCF57 /* MessageUI.framework in Frameworks */ = {isa = PBXBuildFile; fileRef = CED4879817DB1DF4007FCF57 /* MessageUI.framework */; };
		CED4879B17DB1E61007FCF57 /* InAppSettings.bundle in Resources */ = {isa = PBXBuildFile; fileRef = CED4879A17DB1E61007FCF57 /* InAppSettings.bundle */; };
		CEDB048717ED50C1000E7EDF /* CoreLocation.framework in Frameworks */ = {isa = PBXBuildFile; fileRef = CEDB048617ED50C1000E7EDF /* CoreLocation.framework */; };
/* End PBXBuildFile section */

/* Begin PBXFileReference section */
		CED4871817DB1BF6007FCF57 /* TraccarClient.app */ = {isa = PBXFileReference; explicitFileType = wrapper.application; includeInIndex = 0; path = TraccarClient.app; sourceTree = BUILT_PRODUCTS_DIR; };
		CED4871B17DB1BF6007FCF57 /* UIKit.framework */ = {isa = PBXFileReference; lastKnownFileType = wrapper.framework; name = UIKit.framework; path = System/Library/Frameworks/UIKit.framework; sourceTree = SDKROOT; };
		CED4871D17DB1BF6007FCF57 /* Foundation.framework */ = {isa = PBXFileReference; lastKnownFileType = wrapper.framework; name = Foundation.framework; path = System/Library/Frameworks/Foundation.framework; sourceTree = SDKROOT; };
		CED4871F17DB1BF6007FCF57 /* CoreGraphics.framework */ = {isa = PBXFileReference; lastKnownFileType = wrapper.framework; name = CoreGraphics.framework; path = System/Library/Frameworks/CoreGraphics.framework; sourceTree = SDKROOT; };
		CED4872317DB1BF6007FCF57 /* TraccarClient-Info.plist */ = {isa = PBXFileReference; lastKnownFileType = text.plist.xml; path = "TraccarClient-Info.plist"; sourceTree = "<group>"; };
		CED4872517DB1BF6007FCF57 /* en */ = {isa = PBXFileReference; lastKnownFileType = text.plist.strings; name = en; path = en.lproj/InfoPlist.strings; sourceTree = "<group>"; };
		CED4872717DB1BF6007FCF57 /* main.m */ = {isa = PBXFileReference; lastKnownFileType = sourcecode.c.objc; path = main.m; sourceTree = "<group>"; };
		CED4872917DB1BF6007FCF57 /* TraccarClient-Prefix.pch */ = {isa = PBXFileReference; lastKnownFileType = sourcecode.c.h; path = "TraccarClient-Prefix.pch"; sourceTree = "<group>"; };
		CED4872A17DB1BF6007FCF57 /* AppDelegate.h */ = {isa = PBXFileReference; lastKnownFileType = sourcecode.c.h; path = AppDelegate.h; sourceTree = "<group>"; };
		CED4872B17DB1BF6007FCF57 /* AppDelegate.m */ = {isa = PBXFileReference; lastKnownFileType = sourcecode.c.objc; path = AppDelegate.m; sourceTree = "<group>"; };
		CED4872D17DB1BF6007FCF57 /* Default.png */ = {isa = PBXFileReference; lastKnownFileType = image.png; path = Default.png; sourceTree = "<group>"; };
		CED4872F17DB1BF6007FCF57 /* Default@2x.png */ = {isa = PBXFileReference; lastKnownFileType = image.png; path = "Default@2x.png"; sourceTree = "<group>"; };
		CED4873117DB1BF6007FCF57 /* Default-568h@2x.png */ = {isa = PBXFileReference; lastKnownFileType = image.png; path = "Default-568h@2x.png"; sourceTree = "<group>"; };
		CED4873417DB1BF6007FCF57 /* en */ = {isa = PBXFileReference; lastKnownFileType = file.storyboard; name = en; path = en.lproj/MainStoryboard_iPhone.storyboard; sourceTree = "<group>"; };
		CED4873717DB1BF6007FCF57 /* en */ = {isa = PBXFileReference; lastKnownFileType = file.storyboard; name = en; path = en.lproj/MainStoryboard_iPad.storyboard; sourceTree = "<group>"; };
		CED4873917DB1BF6007FCF57 /* ViewController.h */ = {isa = PBXFileReference; lastKnownFileType = sourcecode.c.h; path = ViewController.h; sourceTree = "<group>"; };
		CED4873A17DB1BF6007FCF57 /* ViewController.m */ = {isa = PBXFileReference; lastKnownFileType = sourcecode.c.objc; path = ViewController.m; sourceTree = "<group>"; };
		CED4876B17DB1CBF007FCF57 /* IASKAppSettingsViewController.h */ = {isa = PBXFileReference; fileEncoding = 4; lastKnownFileType = sourcecode.c.h; path = IASKAppSettingsViewController.h; sourceTree = "<group>"; };
		CED4876C17DB1CBF007FCF57 /* IASKAppSettingsViewController.m */ = {isa = PBXFileReference; fileEncoding = 4; lastKnownFileType = sourcecode.c.objc; path = IASKAppSettingsViewController.m; sourceTree = "<group>"; };
		CED4876D17DB1CBF007FCF57 /* IASKAppSettingsWebViewController.h */ = {isa = PBXFileReference; fileEncoding = 4; lastKnownFileType = sourcecode.c.h; path = IASKAppSettingsWebViewController.h; sourceTree = "<group>"; };
		CED4876E17DB1CBF007FCF57 /* IASKAppSettingsWebViewController.m */ = {isa = PBXFileReference; fileEncoding = 4; lastKnownFileType = sourcecode.c.objc; path = IASKAppSettingsWebViewController.m; sourceTree = "<group>"; };
		CED4876F17DB1CBF007FCF57 /* IASKSpecifierValuesViewController.h */ = {isa = PBXFileReference; fileEncoding = 4; lastKnownFileType = sourcecode.c.h; path = IASKSpecifierValuesViewController.h; sourceTree = "<group>"; };
		CED4877017DB1CBF007FCF57 /* IASKSpecifierValuesViewController.m */ = {isa = PBXFileReference; fileEncoding = 4; lastKnownFileType = sourcecode.c.objc; path = IASKSpecifierValuesViewController.m; sourceTree = "<group>"; };
		CED4877117DB1CBF007FCF57 /* IASKViewController.h */ = {isa = PBXFileReference; fileEncoding = 4; lastKnownFileType = sourcecode.c.h; path = IASKViewController.h; sourceTree = "<group>"; };
		CED4877317DB1CBF007FCF57 /* IASKSettingsReader.h */ = {isa = PBXFileReference; fileEncoding = 4; lastKnownFileType = sourcecode.c.h; path = IASKSettingsReader.h; sourceTree = "<group>"; };
		CED4877417DB1CBF007FCF57 /* IASKSettingsReader.m */ = {isa = PBXFileReference; fileEncoding = 4; lastKnownFileType = sourcecode.c.objc; path = IASKSettingsReader.m; sourceTree = "<group>"; };
		CED4877517DB1CBF007FCF57 /* IASKSettingsStore.h */ = {isa = PBXFileReference; fileEncoding = 4; lastKnownFileType = sourcecode.c.h; path = IASKSettingsStore.h; sourceTree = "<group>"; };
		CED4877617DB1CBF007FCF57 /* IASKSettingsStore.m */ = {isa = PBXFileReference; fileEncoding = 4; lastKnownFileType = sourcecode.c.objc; path = IASKSettingsStore.m; sourceTree = "<group>"; };
		CED4877717DB1CBF007FCF57 /* IASKSettingsStoreFile.h */ = {isa = PBXFileReference; fileEncoding = 4; lastKnownFileType = sourcecode.c.h; path = IASKSettingsStoreFile.h; sourceTree = "<group>"; };
		CED4877817DB1CBF007FCF57 /* IASKSettingsStoreFile.m */ = {isa = PBXFileReference; fileEncoding = 4; lastKnownFileType = sourcecode.c.objc; path = IASKSettingsStoreFile.m; sourceTree = "<group>"; };
		CED4877917DB1CBF007FCF57 /* IASKSettingsStoreUserDefaults.h */ = {isa = PBXFileReference; fileEncoding = 4; lastKnownFileType = sourcecode.c.h; path = IASKSettingsStoreUserDefaults.h; sourceTree = "<group>"; };
		CED4877A17DB1CBF007FCF57 /* IASKSettingsStoreUserDefaults.m */ = {isa = PBXFileReference; fileEncoding = 4; lastKnownFileType = sourcecode.c.objc; path = IASKSettingsStoreUserDefaults.m; sourceTree = "<group>"; };
		CED4877B17DB1CBF007FCF57 /* IASKSpecifier.h */ = {isa = PBXFileReference; fileEncoding = 4; lastKnownFileType = sourcecode.c.h; path = IASKSpecifier.h; sourceTree = "<group>"; };
		CED4877C17DB1CBF007FCF57 /* IASKSpecifier.m */ = {isa = PBXFileReference; fileEncoding = 4; lastKnownFileType = sourcecode.c.objc; path = IASKSpecifier.m; sourceTree = "<group>"; };
		CED4877E17DB1CBF007FCF57 /* IASKPSSliderSpecifierViewCell.h */ = {isa = PBXFileReference; fileEncoding = 4; lastKnownFileType = sourcecode.c.h; path = IASKPSSliderSpecifierViewCell.h; sourceTree = "<group>"; };
		CED4877F17DB1CBF007FCF57 /* IASKPSSliderSpecifierViewCell.m */ = {isa = PBXFileReference; fileEncoding = 4; lastKnownFileType = sourcecode.c.objc; path = IASKPSSliderSpecifierViewCell.m; sourceTree = "<group>"; };
		CED4878017DB1CBF007FCF57 /* IASKPSTextFieldSpecifierViewCell.h */ = {isa = PBXFileReference; fileEncoding = 4; lastKnownFileType = sourcecode.c.h; path = IASKPSTextFieldSpecifierViewCell.h; sourceTree = "<group>"; };
		CED4878117DB1CBF007FCF57 /* IASKPSTextFieldSpecifierViewCell.m */ = {isa = PBXFileReference; fileEncoding = 4; lastKnownFileType = sourcecode.c.objc; path = IASKPSTextFieldSpecifierViewCell.m; sourceTree = "<group>"; };
		CED4878217DB1CBF007FCF57 /* IASKPSTitleValueSpecifierViewCell.h */ = {isa = PBXFileReference; fileEncoding = 4; lastKnownFileType = sourcecode.c.h; path = IASKPSTitleValueSpecifierViewCell.h; sourceTree = "<group>"; };
		CED4878317DB1CBF007FCF57 /* IASKPSTitleValueSpecifierViewCell.m */ = {isa = PBXFileReference; fileEncoding = 4; lastKnownFileType = sourcecode.c.objc; path = IASKPSTitleValueSpecifierViewCell.m; sourceTree = "<group>"; };
		CED4878417DB1CBF007FCF57 /* IASKSlider.h */ = {isa = PBXFileReference; fileEncoding = 4; lastKnownFileType = sourcecode.c.h; path = IASKSlider.h; sourceTree = "<group>"; };
		CED4878517DB1CBF007FCF57 /* IASKSlider.m */ = {isa = PBXFileReference; fileEncoding = 4; lastKnownFileType = sourcecode.c.objc; path = IASKSlider.m; sourceTree = "<group>"; };
		CED4878617DB1CBF007FCF57 /* IASKSwitch.h */ = {isa = PBXFileReference; fileEncoding = 4; lastKnownFileType = sourcecode.c.h; path = IASKSwitch.h; sourceTree = "<group>"; };
		CED4878717DB1CBF007FCF57 /* IASKSwitch.m */ = {isa = PBXFileReference; fileEncoding = 4; lastKnownFileType = sourcecode.c.objc; path = IASKSwitch.m; sourceTree = "<group>"; };
		CED4878817DB1CBF007FCF57 /* IASKTextField.h */ = {isa = PBXFileReference; fileEncoding = 4; lastKnownFileType = sourcecode.c.h; path = IASKTextField.h; sourceTree = "<group>"; };
		CED4878917DB1CBF007FCF57 /* IASKTextField.m */ = {isa = PBXFileReference; fileEncoding = 4; lastKnownFileType = sourcecode.c.objc; path = IASKTextField.m; sourceTree = "<group>"; };
		CED4879817DB1DF4007FCF57 /* MessageUI.framework */ = {isa = PBXFileReference; lastKnownFileType = wrapper.framework; name = MessageUI.framework; path = System/Library/Frameworks/MessageUI.framework; sourceTree = SDKROOT; };
		CED4879A17DB1E61007FCF57 /* InAppSettings.bundle */ = {isa = PBXFileReference; lastKnownFileType = "wrapper.plug-in"; path = InAppSettings.bundle; sourceTree = "<group>"; };
		CEDB048617ED50C1000E7EDF /* CoreLocation.framework */ = {isa = PBXFileReference; lastKnownFileType = wrapper.framework; name = CoreLocation.framework; path = System/Library/Frameworks/CoreLocation.framework; sourceTree = SDKROOT; };
/* End PBXFileReference section */

/* Begin PBXFrameworksBuildPhase section */
		CED4871517DB1BF6007FCF57 /* Frameworks */ = {
			isa = PBXFrameworksBuildPhase;
			buildActionMask = 2147483647;
			files = (
				CEDB048717ED50C1000E7EDF /* CoreLocation.framework in Frameworks */,
				CED4879917DB1DF4007FCF57 /* MessageUI.framework in Frameworks */,
				CED4871C17DB1BF6007FCF57 /* UIKit.framework in Frameworks */,
				CED4871E17DB1BF6007FCF57 /* Foundation.framework in Frameworks */,
				CED4872017DB1BF6007FCF57 /* CoreGraphics.framework in Frameworks */,
			);
			runOnlyForDeploymentPostprocessing = 0;
		};
/* End PBXFrameworksBuildPhase section */

/* Begin PBXGroup section */
		CED4870F17DB1BF6007FCF57 = {
			isa = PBXGroup;
			children = (
				CED4872117DB1BF6007FCF57 /* TraccarClient */,
				CED4876917DB1CBF007FCF57 /* InAppSettingsKit */,
				CED4871A17DB1BF6007FCF57 /* Frameworks */,
				CED4871917DB1BF6007FCF57 /* Products */,
			);
			sourceTree = "<group>";
		};
		CED4871917DB1BF6007FCF57 /* Products */ = {
			isa = PBXGroup;
			children = (
				CED4871817DB1BF6007FCF57 /* TraccarClient.app */,
			);
			name = Products;
			sourceTree = "<group>";
		};
		CED4871A17DB1BF6007FCF57 /* Frameworks */ = {
			isa = PBXGroup;
			children = (
				CEDB048617ED50C1000E7EDF /* CoreLocation.framework */,
				CED4879817DB1DF4007FCF57 /* MessageUI.framework */,
				CED4871B17DB1BF6007FCF57 /* UIKit.framework */,
				CED4871D17DB1BF6007FCF57 /* Foundation.framework */,
				CED4871F17DB1BF6007FCF57 /* CoreGraphics.framework */,
			);
			name = Frameworks;
			sourceTree = "<group>";
		};
		CED4872117DB1BF6007FCF57 /* TraccarClient */ = {
			isa = PBXGroup;
			children = (
				CED4872A17DB1BF6007FCF57 /* AppDelegate.h */,
				CED4872B17DB1BF6007FCF57 /* AppDelegate.m */,
				CED4873317DB1BF6007FCF57 /* MainStoryboard_iPhone.storyboard */,
				CED4873617DB1BF6007FCF57 /* MainStoryboard_iPad.storyboard */,
				CED4873917DB1BF6007FCF57 /* ViewController.h */,
				CED4873A17DB1BF6007FCF57 /* ViewController.m */,
				CED4872217DB1BF6007FCF57 /* Supporting Files */,
			);
			path = TraccarClient;
			sourceTree = "<group>";
		};
		CED4872217DB1BF6007FCF57 /* Supporting Files */ = {
			isa = PBXGroup;
			children = (
				CED4872317DB1BF6007FCF57 /* TraccarClient-Info.plist */,
				CED4872417DB1BF6007FCF57 /* InfoPlist.strings */,
				CED4872717DB1BF6007FCF57 /* main.m */,
				CED4872917DB1BF6007FCF57 /* TraccarClient-Prefix.pch */,
				CED4872D17DB1BF6007FCF57 /* Default.png */,
				CED4872F17DB1BF6007FCF57 /* Default@2x.png */,
				CED4873117DB1BF6007FCF57 /* Default-568h@2x.png */,
				CED4879A17DB1E61007FCF57 /* InAppSettings.bundle */,
			);
			name = "Supporting Files";
			sourceTree = "<group>";
		};
		CED4876917DB1CBF007FCF57 /* InAppSettingsKit */ = {
			isa = PBXGroup;
			children = (
				CED4876A17DB1CBF007FCF57 /* Controllers */,
				CED4877217DB1CBF007FCF57 /* Models */,
				CED4877D17DB1CBF007FCF57 /* Views */,
			);
			path = InAppSettingsKit;
			sourceTree = "<group>";
		};
		CED4876A17DB1CBF007FCF57 /* Controllers */ = {
			isa = PBXGroup;
			children = (
				CED4876B17DB1CBF007FCF57 /* IASKAppSettingsViewController.h */,
				CED4876C17DB1CBF007FCF57 /* IASKAppSettingsViewController.m */,
				CED4876D17DB1CBF007FCF57 /* IASKAppSettingsWebViewController.h */,
				CED4876E17DB1CBF007FCF57 /* IASKAppSettingsWebViewController.m */,
				CED4876F17DB1CBF007FCF57 /* IASKSpecifierValuesViewController.h */,
				CED4877017DB1CBF007FCF57 /* IASKSpecifierValuesViewController.m */,
				CED4877117DB1CBF007FCF57 /* IASKViewController.h */,
			);
			path = Controllers;
			sourceTree = "<group>";
		};
		CED4877217DB1CBF007FCF57 /* Models */ = {
			isa = PBXGroup;
			children = (
				CED4877317DB1CBF007FCF57 /* IASKSettingsReader.h */,
				CED4877417DB1CBF007FCF57 /* IASKSettingsReader.m */,
				CED4877517DB1CBF007FCF57 /* IASKSettingsStore.h */,
				CED4877617DB1CBF007FCF57 /* IASKSettingsStore.m */,
				CED4877717DB1CBF007FCF57 /* IASKSettingsStoreFile.h */,
				CED4877817DB1CBF007FCF57 /* IASKSettingsStoreFile.m */,
				CED4877917DB1CBF007FCF57 /* IASKSettingsStoreUserDefaults.h */,
				CED4877A17DB1CBF007FCF57 /* IASKSettingsStoreUserDefaults.m */,
				CED4877B17DB1CBF007FCF57 /* IASKSpecifier.h */,
				CED4877C17DB1CBF007FCF57 /* IASKSpecifier.m */,
			);
			path = Models;
			sourceTree = "<group>";
		};
		CED4877D17DB1CBF007FCF57 /* Views */ = {
			isa = PBXGroup;
			children = (
				CED4877E17DB1CBF007FCF57 /* IASKPSSliderSpecifierViewCell.h */,
				CED4877F17DB1CBF007FCF57 /* IASKPSSliderSpecifierViewCell.m */,
				CED4878017DB1CBF007FCF57 /* IASKPSTextFieldSpecifierViewCell.h */,
				CED4878117DB1CBF007FCF57 /* IASKPSTextFieldSpecifierViewCell.m */,
				CED4878217DB1CBF007FCF57 /* IASKPSTitleValueSpecifierViewCell.h */,
				CED4878317DB1CBF007FCF57 /* IASKPSTitleValueSpecifierViewCell.m */,
				CED4878417DB1CBF007FCF57 /* IASKSlider.h */,
				CED4878517DB1CBF007FCF57 /* IASKSlider.m */,
				CED4878617DB1CBF007FCF57 /* IASKSwitch.h */,
				CED4878717DB1CBF007FCF57 /* IASKSwitch.m */,
				CED4878817DB1CBF007FCF57 /* IASKTextField.h */,
				CED4878917DB1CBF007FCF57 /* IASKTextField.m */,
			);
			path = Views;
			sourceTree = "<group>";
		};
/* End PBXGroup section */

/* Begin PBXNativeTarget section */
		CED4871717DB1BF6007FCF57 /* TraccarClient */ = {
			isa = PBXNativeTarget;
			buildConfigurationList = CED4873E17DB1BF6007FCF57 /* Build configuration list for PBXNativeTarget "TraccarClient" */;
			buildPhases = (
				CED4871417DB1BF6007FCF57 /* Sources */,
				CED4871517DB1BF6007FCF57 /* Frameworks */,
				CED4871617DB1BF6007FCF57 /* Resources */,
			);
			buildRules = (
			);
			dependencies = (
			);
			name = TraccarClient;
			productName = TraccarClient;
			productReference = CED4871817DB1BF6007FCF57 /* TraccarClient.app */;
			productType = "com.apple.product-type.application";
		};
/* End PBXNativeTarget section */

/* Begin PBXProject section */
		CED4871017DB1BF6007FCF57 /* Project object */ = {
			isa = PBXProject;
			attributes = {
				LastUpgradeCheck = 0460;
				ORGANIZATIONNAME = Traccar;
			};
			buildConfigurationList = CED4871317DB1BF6007FCF57 /* Build configuration list for PBXProject "TraccarClient" */;
			compatibilityVersion = "Xcode 3.2";
			developmentRegion = English;
			hasScannedForEncodings = 0;
			knownRegions = (
				en,
			);
			mainGroup = CED4870F17DB1BF6007FCF57;
			productRefGroup = CED4871917DB1BF6007FCF57 /* Products */;
			projectDirPath = "";
			projectRoot = "";
			targets = (
				CED4871717DB1BF6007FCF57 /* TraccarClient */,
			);
		};
/* End PBXProject section */

/* Begin PBXResourcesBuildPhase section */
		CED4871617DB1BF6007FCF57 /* Resources */ = {
			isa = PBXResourcesBuildPhase;
			buildActionMask = 2147483647;
			files = (
				CED4872617DB1BF6007FCF57 /* InfoPlist.strings in Resources */,
				CED4872E17DB1BF6007FCF57 /* Default.png in Resources */,
				CED4873017DB1BF6007FCF57 /* Default@2x.png in Resources */,
				CED4873217DB1BF6007FCF57 /* Default-568h@2x.png in Resources */,
				CED4873517DB1BF6007FCF57 /* MainStoryboard_iPhone.storyboard in Resources */,
				CED4873817DB1BF6007FCF57 /* MainStoryboard_iPad.storyboard in Resources */,
				CED4879B17DB1E61007FCF57 /* InAppSettings.bundle in Resources */,
			);
			runOnlyForDeploymentPostprocessing = 0;
		};
/* End PBXResourcesBuildPhase section */

/* Begin PBXSourcesBuildPhase section */
		CED4871417DB1BF6007FCF57 /* Sources */ = {
			isa = PBXSourcesBuildPhase;
			buildActionMask = 2147483647;
			files = (
				CED4872817DB1BF6007FCF57 /* main.m in Sources */,
				CED4872C17DB1BF6007FCF57 /* AppDelegate.m in Sources */,
				CED4873B17DB1BF6007FCF57 /* ViewController.m in Sources */,
				CED4878A17DB1CBF007FCF57 /* IASKAppSettingsViewController.m in Sources */,
				CED4878B17DB1CBF007FCF57 /* IASKAppSettingsWebViewController.m in Sources */,
				CED4878C17DB1CBF007FCF57 /* IASKSpecifierValuesViewController.m in Sources */,
				CED4878D17DB1CBF007FCF57 /* IASKSettingsReader.m in Sources */,
				CED4878E17DB1CBF007FCF57 /* IASKSettingsStore.m in Sources */,
				CED4878F17DB1CBF007FCF57 /* IASKSettingsStoreFile.m in Sources */,
				CED4879017DB1CBF007FCF57 /* IASKSettingsStoreUserDefaults.m in Sources */,
				CED4879117DB1CBF007FCF57 /* IASKSpecifier.m in Sources */,
				CED4879217DB1CBF007FCF57 /* IASKPSSliderSpecifierViewCell.m in Sources */,
				CED4879317DB1CBF007FCF57 /* IASKPSTextFieldSpecifierViewCell.m in Sources */,
				CED4879417DB1CBF007FCF57 /* IASKPSTitleValueSpecifierViewCell.m in Sources */,
				CED4879517DB1CBF007FCF57 /* IASKSlider.m in Sources */,
				CED4879617DB1CBF007FCF57 /* IASKSwitch.m in Sources */,
				CED4879717DB1CBF007FCF57 /* IASKTextField.m in Sources */,
			);
			runOnlyForDeploymentPostprocessing = 0;
		};
/* End PBXSourcesBuildPhase section */

/* Begin PBXVariantGroup section */
		CED4872417DB1BF6007FCF57 /* InfoPlist.strings */ = {
			isa = PBXVariantGroup;
			children = (
				CED4872517DB1BF6007FCF57 /* en */,
			);
			name = InfoPlist.strings;
			sourceTree = "<group>";
		};
		CED4873317DB1BF6007FCF57 /* MainStoryboard_iPhone.storyboard */ = {
			isa = PBXVariantGroup;
			children = (
				CED4873417DB1BF6007FCF57 /* en */,
			);
			name = MainStoryboard_iPhone.storyboard;
			sourceTree = "<group>";
		};
		CED4873617DB1BF6007FCF57 /* MainStoryboard_iPad.storyboard */ = {
			isa = PBXVariantGroup;
			children = (
				CED4873717DB1BF6007FCF57 /* en */,
			);
			name = MainStoryboard_iPad.storyboard;
			sourceTree = "<group>";
		};
/* End PBXVariantGroup section */

/* Begin XCBuildConfiguration section */
		CED4873C17DB1BF6007FCF57 /* Debug */ = {
			isa = XCBuildConfiguration;
			buildSettings = {
				ALWAYS_SEARCH_USER_PATHS = NO;
				CLANG_CXX_LANGUAGE_STANDARD = "gnu++0x";
				CLANG_CXX_LIBRARY = "libc++";
				CLANG_ENABLE_OBJC_ARC = YES;
				CLANG_WARN_CONSTANT_CONVERSION = YES;
				CLANG_WARN_EMPTY_BODY = YES;
				CLANG_WARN_ENUM_CONVERSION = YES;
				CLANG_WARN_INT_CONVERSION = YES;
				CLANG_WARN__DUPLICATE_METHOD_MATCH = YES;
				"CODE_SIGN_IDENTITY[sdk=iphoneos*]" = "iPhone Developer";
				COPY_PHASE_STRIP = NO;
				GCC_C_LANGUAGE_STANDARD = gnu99;
				GCC_DYNAMIC_NO_PIC = NO;
				GCC_OPTIMIZATION_LEVEL = 0;
				GCC_PREPROCESSOR_DEFINITIONS = (
					"DEBUG=1",
					"$(inherited)",
				);
				GCC_SYMBOLS_PRIVATE_EXTERN = NO;
				GCC_WARN_ABOUT_RETURN_TYPE = YES;
				GCC_WARN_UNINITIALIZED_AUTOS = YES;
				GCC_WARN_UNUSED_VARIABLE = YES;
				IPHONEOS_DEPLOYMENT_TARGET = 6.1;
				ONLY_ACTIVE_ARCH = YES;
				SDKROOT = iphoneos;
				TARGETED_DEVICE_FAMILY = "1,2";
			};
			name = Debug;
		};
		CED4873D17DB1BF6007FCF57 /* Release */ = {
			isa = XCBuildConfiguration;
			buildSettings = {
				ALWAYS_SEARCH_USER_PATHS = NO;
				CLANG_CXX_LANGUAGE_STANDARD = "gnu++0x";
				CLANG_CXX_LIBRARY = "libc++";
				CLANG_ENABLE_OBJC_ARC = YES;
				CLANG_WARN_CONSTANT_CONVERSION = YES;
				CLANG_WARN_EMPTY_BODY = YES;
				CLANG_WARN_ENUM_CONVERSION = YES;
				CLANG_WARN_INT_CONVERSION = YES;
				CLANG_WARN__DUPLICATE_METHOD_MATCH = YES;
				"CODE_SIGN_IDENTITY[sdk=iphoneos*]" = "iPhone Developer";
				COPY_PHASE_STRIP = YES;
				GCC_C_LANGUAGE_STANDARD = gnu99;
				GCC_WARN_ABOUT_RETURN_TYPE = YES;
				GCC_WARN_UNINITIALIZED_AUTOS = YES;
				GCC_WARN_UNUSED_VARIABLE = YES;
				IPHONEOS_DEPLOYMENT_TARGET = 6.1;
				OTHER_CFLAGS = "-DNS_BLOCK_ASSERTIONS=1";
				SDKROOT = iphoneos;
				TARGETED_DEVICE_FAMILY = "1,2";
				VALIDATE_PRODUCT = YES;
			};
			name = Release;
		};
		CED4873F17DB1BF6007FCF57 /* Debug */ = {
			isa = XCBuildConfiguration;
			buildSettings = {
				GCC_PRECOMPILE_PREFIX_HEADER = YES;
				GCC_PREFIX_HEADER = "TraccarClient/TraccarClient-Prefix.pch";
				INFOPLIST_FILE = "TraccarClient/TraccarClient-Info.plist";
				PRODUCT_NAME = "$(TARGET_NAME)";
				WRAPPER_EXTENSION = app;
			};
			name = Debug;
		};
		CED4874017DB1BF6007FCF57 /* Release */ = {
			isa = XCBuildConfiguration;
			buildSettings = {
				GCC_PRECOMPILE_PREFIX_HEADER = YES;
				GCC_PREFIX_HEADER = "TraccarClient/TraccarClient-Prefix.pch";
				INFOPLIST_FILE = "TraccarClient/TraccarClient-Info.plist";
				PRODUCT_NAME = "$(TARGET_NAME)";
				WRAPPER_EXTENSION = app;
			};
			name = Release;
		};
/* End XCBuildConfiguration section */

/* Begin XCConfigurationList section */
		CED4871317DB1BF6007FCF57 /* Build configuration list for PBXProject "TraccarClient" */ = {
			isa = XCConfigurationList;
			buildConfigurations = (
				CED4873C17DB1BF6007FCF57 /* Debug */,
				CED4873D17DB1BF6007FCF57 /* Release */,
			);
			defaultConfigurationIsVisible = 0;
			defaultConfigurationName = Release;
		};
		CED4873E17DB1BF6007FCF57 /* Build configuration list for PBXNativeTarget "TraccarClient" */ = {
			isa = XCConfigurationList;
			buildConfigurations = (
				CED4873F17DB1BF6007FCF57 /* Debug */,
				CED4874017DB1BF6007FCF57 /* Release */,
			);
			defaultConfigurationIsVisible = 0;
			defaultConfigurationName = Release;
		};
/* End XCConfigurationList section */
	};
	rootObject = CED4871017DB1BF6007FCF57 /* Project object */;
}
