// !$*UTF8*$!
{
	archiveVersion = 1;
	classes = {
	};
	objectVersion = 46;
	objects = {

/* Begin PBXBuildFile section */
		24DBFB848BAEC4EFDA733D66 /* Pods_FTPTracker.framework in Frameworks */ = {isa = PBXBuildFile; fileRef = 879675CE7A610FD84DBB345E /* Pods_FTPTracker.framework */; };
		5E716A271F63A0B100A2DBC3 /* DistanceCalculator.swift in Sources */ = {isa = PBXBuildFile; fileRef = 5E716A261F63A0B100A2DBC3 /* DistanceCalculator.swift */; };
		5E716A291F63A45A00A2DBC3 /* RequestManager.swift in Sources */ = {isa = PBXBuildFile; fileRef = 5E716A281F63A45A00A2DBC3 /* RequestManager.swift */; };
		5E716A2B1F63A60800A2DBC3 /* ProtocolFormatter.swift in Sources */ = {isa = PBXBuildFile; fileRef = 5E716A2A1F63A60800A2DBC3 /* ProtocolFormatter.swift */; };
		5E716A2E1F63A7A200A2DBC3 /* ProtocolFormatterTests.swift in Sources */ = {isa = PBXBuildFile; fileRef = 5E716A2D1F63A7A200A2DBC3 /* ProtocolFormatterTests.swift */; };
		5E716A301F63A9F600A2DBC3 /* RequestManagerTests.swift in Sources */ = {isa = PBXBuildFile; fileRef = 5E716A2F1F63A9F600A2DBC3 /* RequestManagerTests.swift */; };
		AF6549D08DD4B2CC5178284C /* Pods_FTPTrackerTests.framework in Frameworks */ = {isa = PBXBuildFile; fileRef = 6DF5D8A2B13E961BC89AC2F2 /* Pods_FTPTrackerTests.framework */; };
		CB4197931F674A3E008F301C /* DatabaseHelper.swift in Sources */ = {isa = PBXBuildFile; fileRef = CB4197921F674A3E008F301C /* DatabaseHelper.swift */; };
		CB4197951F675518008F301C /* CoreDataTests.swift in Sources */ = {isa = PBXBuildFile; fileRef = CB4197941F675518008F301C /* CoreDataTests.swift */; };
		CB4197971F676B52008F301C /* DatabaseHelperTests.swift in Sources */ = {isa = PBXBuildFile; fileRef = CB4197961F676B52008F301C /* DatabaseHelperTests.swift */; };
		CB4197991F67724F008F301C /* NetworkManager.swift in Sources */ = {isa = PBXBuildFile; fileRef = CB4197981F67724F008F301C /* NetworkManager.swift */; };
		CB7ED0801F6602CD00A33FCF /* Position.swift in Sources */ = {isa = PBXBuildFile; fileRef = CB7ED07F1F6602CD00A33FCF /* Position.swift */; };
		CB7ED0821F661B4F00A33FCF /* PositionProvider.swift in Sources */ = {isa = PBXBuildFile; fileRef = CB7ED0811F661B4F00A33FCF /* PositionProvider.swift */; };
		CB7ED0841F662BAF00A33FCF /* AppDelegate.swift in Sources */ = {isa = PBXBuildFile; fileRef = CB7ED0831F662BAF00A33FCF /* AppDelegate.swift */; };
		CBAA0F7D1F68E14C008BBBBE /* StatusViewController.swift in Sources */ = {isa = PBXBuildFile; fileRef = CBAA0F7C1F68E14C008BBBBE /* StatusViewController.swift */; };
		CBAA0F7F1F68E807008BBBBE /* MainViewController.swift in Sources */ = {isa = PBXBuildFile; fileRef = CBAA0F7E1F68E807008BBBBE /* MainViewController.swift */; };
		CBAA0F811F68EB62008BBBBE /* TrackingController.swift in Sources */ = {isa = PBXBuildFile; fileRef = CBAA0F801F68EB62008BBBBE /* TrackingController.swift */; };
		CBCE82EF1B8D253600A7318B /* CoreData.framework in Frameworks */ = {isa = PBXBuildFile; fileRef = CBCE82EE1B8D253600A7318B /* CoreData.framework */; };
		CBCE82F21B8D265800A7318B /* TraccarClient.xcdatamodeld in Sources */ = {isa = PBXBuildFile; fileRef = CBCE82F01B8D265800A7318B /* TraccarClient.xcdatamodeld */; };
		CBDEEB8A1B8EB6A4006BC126 /* SystemConfiguration.framework in Frameworks */ = {isa = PBXBuildFile; fileRef = CBDEEB891B8EB6A4006BC126 /* SystemConfiguration.framework */; };
		CE5899C81B115C9100ED70D2 /* Images.xcassets in Resources */ = {isa = PBXBuildFile; fileRef = CE5899C71B115C9100ED70D2 /* Images.xcassets */; };
		CED4871C17DB1BF6007FCF57 /* UIKit.framework in Frameworks */ = {isa = PBXBuildFile; fileRef = CED4871B17DB1BF6007FCF57 /* UIKit.framework */; };
		CED4871E17DB1BF6007FCF57 /* Foundation.framework in Frameworks */ = {isa = PBXBuildFile; fileRef = CED4871D17DB1BF6007FCF57 /* Foundation.framework */; };
		CED4872017DB1BF6007FCF57 /* CoreGraphics.framework in Frameworks */ = {isa = PBXBuildFile; fileRef = CED4871F17DB1BF6007FCF57 /* CoreGraphics.framework */; };
		CED4879917DB1DF4007FCF57 /* MessageUI.framework in Frameworks */ = {isa = PBXBuildFile; fileRef = CED4879817DB1DF4007FCF57 /* MessageUI.framework */; };
		CED4879B17DB1E61007FCF57 /* InAppSettings.bundle in Resources */ = {isa = PBXBuildFile; fileRef = CED4879A17DB1E61007FCF57 /* InAppSettings.bundle */; };
		CEDB048717ED50C1000E7EDF /* CoreLocation.framework in Frameworks */ = {isa = PBXBuildFile; fileRef = CEDB048617ED50C1000E7EDF /* CoreLocation.framework */; };
		CEF643271B919FFA00195CEA /* LaunchScreen.xib in Resources */ = {isa = PBXBuildFile; fileRef = CEF643241B919FFA00195CEA /* LaunchScreen.xib */; };
		CEF6433C1B91AA9400195CEA /* MainStoryboard.storyboard in Resources */ = {isa = PBXBuildFile; fileRef = CED4873317DB1BF6007FCF57 /* MainStoryboard.storyboard */; };
		CEF6433D1B91AA9400195CEA /* Localizable.strings in Resources */ = {isa = PBXBuildFile; fileRef = CEF643371B91A94600195CEA /* Localizable.strings */; };
/* End PBXBuildFile section */

/* Begin PBXContainerItemProxy section */
		CEE286D41B80839700AE7E83 /* PBXContainerItemProxy */ = {
			isa = PBXContainerItemProxy;
			containerPortal = CED4871017DB1BF6007FCF57 /* Project object */;
			proxyType = 1;
			remoteGlobalIDString = CED4871717DB1BF6007FCF57;
			remoteInfo = TraccarClient;
		};
/* End PBXContainerItemProxy section */

/* Begin PBXCopyFilesBuildPhase section */
		CEFA94EF1EA2EE31009B5809 /* Embed Frameworks */ = {
			isa = PBXCopyFilesBuildPhase;
			buildActionMask = 2147483647;
			dstPath = "";
			dstSubfolderSpec = 10;
			files = (
			);
			name = "Embed Frameworks";
			runOnlyForDeploymentPostprocessing = 0;
		};
/* End PBXCopyFilesBuildPhase section */

/* Begin PBXFileReference section */
		0ED3E0992C6B9026B43AC4C4 /* Pods-FTPTrackerTests.debug.xcconfig */ = {isa = PBXFileReference; includeInIndex = 1; lastKnownFileType = text.xcconfig; name = "Pods-FTPTrackerTests.debug.xcconfig"; path = "Pods/Target Support Files/Pods-FTPTrackerTests/Pods-FTPTrackerTests.debug.xcconfig"; sourceTree = "<group>"; };
		121C5F49FE36286698B8E6F5 /* Pods-FTPTracker.google.xcconfig */ = {isa = PBXFileReference; includeInIndex = 1; lastKnownFileType = text.xcconfig; name = "Pods-FTPTracker.google.xcconfig"; path = "Pods/Target Support Files/Pods-FTPTracker/Pods-FTPTracker.google.xcconfig"; sourceTree = "<group>"; };
		25EBC597A94D70D7BA8ED6BC /* Pods-TraccarClient.debug.xcconfig */ = {isa = PBXFileReference; includeInIndex = 1; lastKnownFileType = text.xcconfig; name = "Pods-TraccarClient.debug.xcconfig"; path = "Pods/Target Support Files/Pods-TraccarClient/Pods-TraccarClient.debug.xcconfig"; sourceTree = "<group>"; };
		38F0D8FE5C1F9044D1486EE4 /* Pods-TraccarClient.google.xcconfig */ = {isa = PBXFileReference; includeInIndex = 1; lastKnownFileType = text.xcconfig; name = "Pods-TraccarClient.google.xcconfig"; path = "Pods/Target Support Files/Pods-TraccarClient/Pods-TraccarClient.google.xcconfig"; sourceTree = "<group>"; };
		397F4F2888630B0F1F130F19 /* Pods-TraccarClient.release.xcconfig */ = {isa = PBXFileReference; includeInIndex = 1; lastKnownFileType = text.xcconfig; name = "Pods-TraccarClient.release.xcconfig"; path = "Pods/Target Support Files/Pods-TraccarClient/Pods-TraccarClient.release.xcconfig"; sourceTree = "<group>"; };
		4B765B758C96A0F126B99545 /* Pods-FTPTrackerTests.release.xcconfig */ = {isa = PBXFileReference; includeInIndex = 1; lastKnownFileType = text.xcconfig; name = "Pods-FTPTrackerTests.release.xcconfig"; path = "Pods/Target Support Files/Pods-FTPTrackerTests/Pods-FTPTrackerTests.release.xcconfig"; sourceTree = "<group>"; };
		5D41382D530D86D4E2C36606 /* Pods-TraccarClientTests.google.xcconfig */ = {isa = PBXFileReference; includeInIndex = 1; lastKnownFileType = text.xcconfig; name = "Pods-TraccarClientTests.google.xcconfig"; path = "Pods/Target Support Files/Pods-TraccarClientTests/Pods-TraccarClientTests.google.xcconfig"; sourceTree = "<group>"; };
		5E716A261F63A0B100A2DBC3 /* DistanceCalculator.swift */ = {isa = PBXFileReference; fileEncoding = 4; lastKnownFileType = sourcecode.swift; path = DistanceCalculator.swift; sourceTree = "<group>"; };
		5E716A281F63A45A00A2DBC3 /* RequestManager.swift */ = {isa = PBXFileReference; fileEncoding = 4; lastKnownFileType = sourcecode.swift; path = RequestManager.swift; sourceTree = "<group>"; };
		5E716A2A1F63A60800A2DBC3 /* ProtocolFormatter.swift */ = {isa = PBXFileReference; fileEncoding = 4; lastKnownFileType = sourcecode.swift; path = ProtocolFormatter.swift; sourceTree = "<group>"; };
		5E716A2D1F63A7A200A2DBC3 /* ProtocolFormatterTests.swift */ = {isa = PBXFileReference; fileEncoding = 4; lastKnownFileType = sourcecode.swift; path = ProtocolFormatterTests.swift; sourceTree = "<group>"; };
		5E716A2F1F63A9F600A2DBC3 /* RequestManagerTests.swift */ = {isa = PBXFileReference; fileEncoding = 4; lastKnownFileType = sourcecode.swift; path = RequestManagerTests.swift; sourceTree = "<group>"; };
		6DF5D8A2B13E961BC89AC2F2 /* Pods_FTPTrackerTests.framework */ = {isa = PBXFileReference; explicitFileType = wrapper.framework; includeInIndex = 0; path = Pods_FTPTrackerTests.framework; sourceTree = BUILT_PRODUCTS_DIR; };
		879675CE7A610FD84DBB345E /* Pods_FTPTracker.framework */ = {isa = PBXFileReference; explicitFileType = wrapper.framework; includeInIndex = 0; path = Pods_FTPTracker.framework; sourceTree = BUILT_PRODUCTS_DIR; };
		B6285C52424EE62A3E193AC9 /* Pods-FTPTracker.debug.xcconfig */ = {isa = PBXFileReference; includeInIndex = 1; lastKnownFileType = text.xcconfig; name = "Pods-FTPTracker.debug.xcconfig"; path = "Pods/Target Support Files/Pods-FTPTracker/Pods-FTPTracker.debug.xcconfig"; sourceTree = "<group>"; };
		BBF2B314CB22A18F04C92957 /* Pods-FTPTracker.release.xcconfig */ = {isa = PBXFileReference; includeInIndex = 1; lastKnownFileType = text.xcconfig; name = "Pods-FTPTracker.release.xcconfig"; path = "Pods/Target Support Files/Pods-FTPTracker/Pods-FTPTracker.release.xcconfig"; sourceTree = "<group>"; };
		CB4197921F674A3E008F301C /* DatabaseHelper.swift */ = {isa = PBXFileReference; fileEncoding = 4; lastKnownFileType = sourcecode.swift; path = DatabaseHelper.swift; sourceTree = "<group>"; };
		CB4197941F675518008F301C /* CoreDataTests.swift */ = {isa = PBXFileReference; fileEncoding = 4; lastKnownFileType = sourcecode.swift; path = CoreDataTests.swift; sourceTree = "<group>"; };
		CB4197961F676B52008F301C /* DatabaseHelperTests.swift */ = {isa = PBXFileReference; fileEncoding = 4; lastKnownFileType = sourcecode.swift; path = DatabaseHelperTests.swift; sourceTree = "<group>"; };
		CB4197981F67724F008F301C /* NetworkManager.swift */ = {isa = PBXFileReference; fileEncoding = 4; lastKnownFileType = sourcecode.swift; path = NetworkManager.swift; sourceTree = "<group>"; };
		CB7ED07F1F6602CD00A33FCF /* Position.swift */ = {isa = PBXFileReference; fileEncoding = 4; lastKnownFileType = sourcecode.swift; path = Position.swift; sourceTree = "<group>"; };
		CB7ED0811F661B4F00A33FCF /* PositionProvider.swift */ = {isa = PBXFileReference; fileEncoding = 4; lastKnownFileType = sourcecode.swift; path = PositionProvider.swift; sourceTree = "<group>"; };
		CB7ED0831F662BAF00A33FCF /* AppDelegate.swift */ = {isa = PBXFileReference; fileEncoding = 4; lastKnownFileType = sourcecode.swift; path = AppDelegate.swift; sourceTree = "<group>"; };
		CBAA0F7C1F68E14C008BBBBE /* StatusViewController.swift */ = {isa = PBXFileReference; fileEncoding = 4; lastKnownFileType = sourcecode.swift; path = StatusViewController.swift; sourceTree = "<group>"; };
		CBAA0F7E1F68E807008BBBBE /* MainViewController.swift */ = {isa = PBXFileReference; fileEncoding = 4; lastKnownFileType = sourcecode.swift; path = MainViewController.swift; sourceTree = "<group>"; };
		CBAA0F801F68EB62008BBBBE /* TrackingController.swift */ = {isa = PBXFileReference; fileEncoding = 4; lastKnownFileType = sourcecode.swift; path = TrackingController.swift; sourceTree = "<group>"; };
		CBCE82EE1B8D253600A7318B /* CoreData.framework */ = {isa = PBXFileReference; lastKnownFileType = wrapper.framework; name = CoreData.framework; path = System/Library/Frameworks/CoreData.framework; sourceTree = SDKROOT; };
		CBCE82F11B8D265800A7318B /* TraccarClient.xcdatamodel */ = {isa = PBXFileReference; lastKnownFileType = wrapper.xcdatamodel; path = TraccarClient.xcdatamodel; sourceTree = "<group>"; };
		CBDEEB891B8EB6A4006BC126 /* SystemConfiguration.framework */ = {isa = PBXFileReference; lastKnownFileType = wrapper.framework; name = SystemConfiguration.framework; path = System/Library/Frameworks/SystemConfiguration.framework; sourceTree = SDKROOT; };
		CE2FA5181CB935C9007F86B4 /* en */ = {isa = PBXFileReference; lastKnownFileType = text.plist.strings; name = en; path = en.lproj/MainStoryboard.strings; sourceTree = "<group>"; };
		CE4B80FE1EC71CAE00D1C41D /* pt-BR */ = {isa = PBXFileReference; lastKnownFileType = text.plist.strings; name = "pt-BR"; path = "pt-BR.lproj/MainStoryboard.strings"; sourceTree = "<group>"; };
		CE4B80FF1EC71CAE00D1C41D /* pt-BR */ = {isa = PBXFileReference; lastKnownFileType = text.plist.strings; name = "pt-BR"; path = "pt-BR.lproj/Localizable.strings"; sourceTree = "<group>"; };
		CE4B81001EC71CCF00D1C41D /* it */ = {isa = PBXFileReference; lastKnownFileType = text.plist.strings; name = it; path = it.lproj/MainStoryboard.strings; sourceTree = "<group>"; };
		CE4B81011EC71CCF00D1C41D /* it */ = {isa = PBXFileReference; lastKnownFileType = text.plist.strings; name = it; path = it.lproj/Localizable.strings; sourceTree = "<group>"; };
		CE4B81021EC71CFF00D1C41D /* pl */ = {isa = PBXFileReference; lastKnownFileType = text.plist.strings; name = pl; path = pl.lproj/MainStoryboard.strings; sourceTree = "<group>"; };
		CE4B81031EC71CFF00D1C41D /* pl */ = {isa = PBXFileReference; lastKnownFileType = text.plist.strings; name = pl; path = pl.lproj/Localizable.strings; sourceTree = "<group>"; };
		CE4B81041EC71D1700D1C41D /* nl */ = {isa = PBXFileReference; lastKnownFileType = text.plist.strings; name = nl; path = nl.lproj/MainStoryboard.strings; sourceTree = "<group>"; };
		CE4B81051EC71D1700D1C41D /* nl */ = {isa = PBXFileReference; lastKnownFileType = text.plist.strings; name = nl; path = nl.lproj/Localizable.strings; sourceTree = "<group>"; };
		CE4B81061EC71D3600D1C41D /* zh */ = {isa = PBXFileReference; lastKnownFileType = text.plist.strings; name = zh; path = zh.lproj/MainStoryboard.strings; sourceTree = "<group>"; };
		CE4B81071EC71D3600D1C41D /* zh */ = {isa = PBXFileReference; lastKnownFileType = text.plist.strings; name = zh; path = zh.lproj/Localizable.strings; sourceTree = "<group>"; };
		CE4B81081EC71D4300D1C41D /* ko */ = {isa = PBXFileReference; lastKnownFileType = text.plist.strings; name = ko; path = ko.lproj/MainStoryboard.strings; sourceTree = "<group>"; };
		CE4B81091EC71D4300D1C41D /* ko */ = {isa = PBXFileReference; lastKnownFileType = text.plist.strings; name = ko; path = ko.lproj/Localizable.strings; sourceTree = "<group>"; };
		CE4B810A1EC71D4800D1C41D /* ja */ = {isa = PBXFileReference; lastKnownFileType = text.plist.strings; name = ja; path = ja.lproj/MainStoryboard.strings; sourceTree = "<group>"; };
		CE4B810B1EC71D4800D1C41D /* ja */ = {isa = PBXFileReference; lastKnownFileType = text.plist.strings; name = ja; path = ja.lproj/Localizable.strings; sourceTree = "<group>"; };
		CE5899C71B115C9100ED70D2 /* Images.xcassets */ = {isa = PBXFileReference; lastKnownFileType = folder.assetcatalog; path = Images.xcassets; sourceTree = "<group>"; };
		CED4871817DB1BF6007FCF57 /* FTPTracker.app */ = {isa = PBXFileReference; explicitFileType = wrapper.application; includeInIndex = 0; path = FTPTracker.app; sourceTree = BUILT_PRODUCTS_DIR; };
		CED4871B17DB1BF6007FCF57 /* UIKit.framework */ = {isa = PBXFileReference; lastKnownFileType = wrapper.framework; name = UIKit.framework; path = System/Library/Frameworks/UIKit.framework; sourceTree = SDKROOT; };
		CED4871D17DB1BF6007FCF57 /* Foundation.framework */ = {isa = PBXFileReference; lastKnownFileType = wrapper.framework; name = Foundation.framework; path = System/Library/Frameworks/Foundation.framework; sourceTree = SDKROOT; };
		CED4871F17DB1BF6007FCF57 /* CoreGraphics.framework */ = {isa = PBXFileReference; lastKnownFileType = wrapper.framework; name = CoreGraphics.framework; path = System/Library/Frameworks/CoreGraphics.framework; sourceTree = SDKROOT; };
		CED4872317DB1BF6007FCF57 /* TraccarClient-Info.plist */ = {isa = PBXFileReference; lastKnownFileType = text.plist.xml; path = "TraccarClient-Info.plist"; sourceTree = "<group>"; };
		CED4872917DB1BF6007FCF57 /* TraccarClient-Prefix.pch */ = {isa = PBXFileReference; lastKnownFileType = sourcecode.c.h; path = "TraccarClient-Prefix.pch"; sourceTree = "<group>"; };
		CED4879817DB1DF4007FCF57 /* MessageUI.framework */ = {isa = PBXFileReference; lastKnownFileType = wrapper.framework; name = MessageUI.framework; path = System/Library/Frameworks/MessageUI.framework; sourceTree = SDKROOT; };
		CED4879A17DB1E61007FCF57 /* InAppSettings.bundle */ = {isa = PBXFileReference; lastKnownFileType = "wrapper.plug-in"; path = InAppSettings.bundle; sourceTree = "<group>"; };
		CEDB048617ED50C1000E7EDF /* CoreLocation.framework */ = {isa = PBXFileReference; lastKnownFileType = wrapper.framework; name = CoreLocation.framework; path = System/Library/Frameworks/CoreLocation.framework; sourceTree = SDKROOT; };
		CEE286CE1B80839700AE7E83 /* FTPTrackerTests.xctest */ = {isa = PBXFileReference; explicitFileType = wrapper.cfbundle; includeInIndex = 0; path = FTPTrackerTests.xctest; sourceTree = BUILT_PRODUCTS_DIR; };
		CEE286D11B80839700AE7E83 /* Info.plist */ = {isa = PBXFileReference; lastKnownFileType = text.plist.xml; path = Info.plist; sourceTree = "<group>"; };
		CEECE4B91B91AE2B00EB6F4A /* es */ = {isa = PBXFileReference; lastKnownFileType = text.plist.strings; name = es; path = es.lproj/Localizable.strings; sourceTree = "<group>"; };
		CEECE4BA1B91AE2C00EB6F4A /* fr */ = {isa = PBXFileReference; lastKnownFileType = text.plist.strings; name = fr; path = fr.lproj/Localizable.strings; sourceTree = "<group>"; };
		CEECE4BB1B91AE2D00EB6F4A /* pt */ = {isa = PBXFileReference; lastKnownFileType = text.plist.strings; name = pt; path = pt.lproj/Localizable.strings; sourceTree = "<group>"; };
		CEF254DD1B905266001DEFD2 /* ru */ = {isa = PBXFileReference; lastKnownFileType = text.plist.strings; name = ru; path = ru.lproj/MainStoryboard.strings; sourceTree = "<group>"; };
		CEF254DF1B9052EB001DEFD2 /* Base */ = {isa = PBXFileReference; lastKnownFileType = file.storyboard; name = Base; path = Base.lproj/MainStoryboard.storyboard; sourceTree = "<group>"; };
		CEF643241B919FFA00195CEA /* LaunchScreen.xib */ = {isa = PBXFileReference; fileEncoding = 4; lastKnownFileType = file.xib; path = LaunchScreen.xib; sourceTree = "<group>"; };
		CEF6432A1B91A48B00195CEA /* de */ = {isa = PBXFileReference; lastKnownFileType = text.plist.strings; name = de; path = de.lproj/MainStoryboard.strings; sourceTree = "<group>"; };
		CEF6432C1B91A49400195CEA /* es */ = {isa = PBXFileReference; lastKnownFileType = text.plist.strings; name = es; path = es.lproj/MainStoryboard.strings; sourceTree = "<group>"; };
		CEF6432E1B91A49700195CEA /* fr */ = {isa = PBXFileReference; lastKnownFileType = text.plist.strings; name = fr; path = fr.lproj/MainStoryboard.strings; sourceTree = "<group>"; };
		CEF643321B91A4BF00195CEA /* pt */ = {isa = PBXFileReference; lastKnownFileType = text.plist.strings; name = pt; path = pt.lproj/MainStoryboard.strings; sourceTree = "<group>"; };
		CEF643361B91A94600195CEA /* Base */ = {isa = PBXFileReference; lastKnownFileType = text.plist.strings; name = Base; path = Base.lproj/Localizable.strings; sourceTree = "<group>"; };
		CEF643381B91A95700195CEA /* de */ = {isa = PBXFileReference; lastKnownFileType = text.plist.strings; name = de; path = de.lproj/Localizable.strings; sourceTree = "<group>"; };
		CEF643391B91A98300195CEA /* ru */ = {isa = PBXFileReference; lastKnownFileType = text.plist.strings; name = ru; path = ru.lproj/Localizable.strings; sourceTree = "<group>"; };
		D34A6DB010D534E0657D15C7 /* Pods-FTPTrackerTests.google.xcconfig */ = {isa = PBXFileReference; includeInIndex = 1; lastKnownFileType = text.xcconfig; name = "Pods-FTPTrackerTests.google.xcconfig"; path = "Pods/Target Support Files/Pods-FTPTrackerTests/Pods-FTPTrackerTests.google.xcconfig"; sourceTree = "<group>"; };
		DAE6F390D4C81DC3FB5220CF /* Pods-TraccarClientTests.debug.xcconfig */ = {isa = PBXFileReference; includeInIndex = 1; lastKnownFileType = text.xcconfig; name = "Pods-TraccarClientTests.debug.xcconfig"; path = "Pods/Target Support Files/Pods-TraccarClientTests/Pods-TraccarClientTests.debug.xcconfig"; sourceTree = "<group>"; };
		F707BBFCCBED121E44B8B5B7 /* Pods-TraccarClientTests.release.xcconfig */ = {isa = PBXFileReference; includeInIndex = 1; lastKnownFileType = text.xcconfig; name = "Pods-TraccarClientTests.release.xcconfig"; path = "Pods/Target Support Files/Pods-TraccarClientTests/Pods-TraccarClientTests.release.xcconfig"; sourceTree = "<group>"; };
/* End PBXFileReference section */

/* Begin PBXFrameworksBuildPhase section */
		CED4871517DB1BF6007FCF57 /* Frameworks */ = {
			isa = PBXFrameworksBuildPhase;
			buildActionMask = 2147483647;
			files = (
				CBDEEB8A1B8EB6A4006BC126 /* SystemConfiguration.framework in Frameworks */,
				CBCE82EF1B8D253600A7318B /* CoreData.framework in Frameworks */,
				CEDB048717ED50C1000E7EDF /* CoreLocation.framework in Frameworks */,
				CED4879917DB1DF4007FCF57 /* MessageUI.framework in Frameworks */,
				CED4871C17DB1BF6007FCF57 /* UIKit.framework in Frameworks */,
				CED4871E17DB1BF6007FCF57 /* Foundation.framework in Frameworks */,
				CED4872017DB1BF6007FCF57 /* CoreGraphics.framework in Frameworks */,
				24DBFB848BAEC4EFDA733D66 /* Pods_FTPTracker.framework in Frameworks */,
			);
			runOnlyForDeploymentPostprocessing = 0;
		};
		CEE286CB1B80839600AE7E83 /* Frameworks */ = {
			isa = PBXFrameworksBuildPhase;
			buildActionMask = 2147483647;
			files = (
				AF6549D08DD4B2CC5178284C /* Pods_FTPTrackerTests.framework in Frameworks */,
			);
			runOnlyForDeploymentPostprocessing = 0;
		};
/* End PBXFrameworksBuildPhase section */

/* Begin PBXGroup section */
		CED4870F17DB1BF6007FCF57 = {
			isa = PBXGroup;
			children = (
				CED4872117DB1BF6007FCF57 /* TraccarClient */,
				CEE286CF1B80839700AE7E83 /* TraccarClientTests */,
				CED4871A17DB1BF6007FCF57 /* Frameworks */,
				CED4871917DB1BF6007FCF57 /* Products */,
				E8B64AC67D0BDC702E5F02CF /* Pods */,
			);
			sourceTree = "<group>";
		};
		CED4871917DB1BF6007FCF57 /* Products */ = {
			isa = PBXGroup;
			children = (
				CED4871817DB1BF6007FCF57 /* FTPTracker.app */,
				CEE286CE1B80839700AE7E83 /* FTPTrackerTests.xctest */,
			);
			name = Products;
			sourceTree = "<group>";
		};
		CED4871A17DB1BF6007FCF57 /* Frameworks */ = {
			isa = PBXGroup;
			children = (
				CBDEEB891B8EB6A4006BC126 /* SystemConfiguration.framework */,
				CBCE82EE1B8D253600A7318B /* CoreData.framework */,
				CEDB048617ED50C1000E7EDF /* CoreLocation.framework */,
				CED4879817DB1DF4007FCF57 /* MessageUI.framework */,
				CED4871B17DB1BF6007FCF57 /* UIKit.framework */,
				CED4871D17DB1BF6007FCF57 /* Foundation.framework */,
				CED4871F17DB1BF6007FCF57 /* CoreGraphics.framework */,
				879675CE7A610FD84DBB345E /* Pods_FTPTracker.framework */,
				6DF5D8A2B13E961BC89AC2F2 /* Pods_FTPTrackerTests.framework */,
			);
			name = Frameworks;
			sourceTree = "<group>";
		};
		CED4872117DB1BF6007FCF57 /* TraccarClient */ = {
			isa = PBXGroup;
			children = (
				CE5899C71B115C9100ED70D2 /* Images.xcassets */,
				CED4873317DB1BF6007FCF57 /* MainStoryboard.storyboard */,
				CEF643241B919FFA00195CEA /* LaunchScreen.xib */,
				CEF643371B91A94600195CEA /* Localizable.strings */,
				CED4872217DB1BF6007FCF57 /* Supporting Files */,
				CB7ED0831F662BAF00A33FCF /* AppDelegate.swift */,
				CB4197921F674A3E008F301C /* DatabaseHelper.swift */,
				5E716A261F63A0B100A2DBC3 /* DistanceCalculator.swift */,
				CBAA0F7E1F68E807008BBBBE /* MainViewController.swift */,
				CB4197981F67724F008F301C /* NetworkManager.swift */,
				CB7ED07F1F6602CD00A33FCF /* Position.swift */,
				CB7ED0811F661B4F00A33FCF /* PositionProvider.swift */,
				5E716A2A1F63A60800A2DBC3 /* ProtocolFormatter.swift */,
				5E716A281F63A45A00A2DBC3 /* RequestManager.swift */,
				CBAA0F7C1F68E14C008BBBBE /* StatusViewController.swift */,
				CBAA0F801F68EB62008BBBBE /* TrackingController.swift */,
			);
			path = TraccarClient;
			sourceTree = "<group>";
		};
		CED4872217DB1BF6007FCF57 /* Supporting Files */ = {
			isa = PBXGroup;
			children = (
				CED4872317DB1BF6007FCF57 /* TraccarClient-Info.plist */,
				CED4872917DB1BF6007FCF57 /* TraccarClient-Prefix.pch */,
				CBCE82F01B8D265800A7318B /* TraccarClient.xcdatamodeld */,
				CED4879A17DB1E61007FCF57 /* InAppSettings.bundle */,
			);
			name = "Supporting Files";
			sourceTree = "<group>";
		};
		CEE286CF1B80839700AE7E83 /* TraccarClientTests */ = {
			isa = PBXGroup;
			children = (
				CEE286D01B80839700AE7E83 /* Supporting Files */,
				CB4197941F675518008F301C /* CoreDataTests.swift */,
				CB4197961F676B52008F301C /* DatabaseHelperTests.swift */,
				5E716A2D1F63A7A200A2DBC3 /* ProtocolFormatterTests.swift */,
				5E716A2F1F63A9F600A2DBC3 /* RequestManagerTests.swift */,
			);
			path = TraccarClientTests;
			sourceTree = "<group>";
		};
		CEE286D01B80839700AE7E83 /* Supporting Files */ = {
			isa = PBXGroup;
			children = (
				CEE286D11B80839700AE7E83 /* Info.plist */,
			);
			name = "Supporting Files";
			sourceTree = "<group>";
		};
		E8B64AC67D0BDC702E5F02CF /* Pods */ = {
			isa = PBXGroup;
			children = (
				25EBC597A94D70D7BA8ED6BC /* Pods-TraccarClient.debug.xcconfig */,
				397F4F2888630B0F1F130F19 /* Pods-TraccarClient.release.xcconfig */,
				DAE6F390D4C81DC3FB5220CF /* Pods-TraccarClientTests.debug.xcconfig */,
				F707BBFCCBED121E44B8B5B7 /* Pods-TraccarClientTests.release.xcconfig */,
				38F0D8FE5C1F9044D1486EE4 /* Pods-TraccarClient.google.xcconfig */,
				5D41382D530D86D4E2C36606 /* Pods-TraccarClientTests.google.xcconfig */,
				B6285C52424EE62A3E193AC9 /* Pods-FTPTracker.debug.xcconfig */,
				BBF2B314CB22A18F04C92957 /* Pods-FTPTracker.release.xcconfig */,
				121C5F49FE36286698B8E6F5 /* Pods-FTPTracker.google.xcconfig */,
				0ED3E0992C6B9026B43AC4C4 /* Pods-FTPTrackerTests.debug.xcconfig */,
				4B765B758C96A0F126B99545 /* Pods-FTPTrackerTests.release.xcconfig */,
				D34A6DB010D534E0657D15C7 /* Pods-FTPTrackerTests.google.xcconfig */,
			);
			name = Pods;
			sourceTree = "<group>";
		};
/* End PBXGroup section */

/* Begin PBXNativeTarget section */
		CED4871717DB1BF6007FCF57 /* FTPTracker */ = {
			isa = PBXNativeTarget;
			buildConfigurationList = CED4873E17DB1BF6007FCF57 /* Build configuration list for PBXNativeTarget "FTPTracker" */;
			buildPhases = (
				1C45497C39E13645FFE1641E /* [CP] Check Pods Manifest.lock */,
				CED4871417DB1BF6007FCF57 /* Sources */,
				CED4871517DB1BF6007FCF57 /* Frameworks */,
				CED4871617DB1BF6007FCF57 /* Resources */,
				5E3175221F692FA600CDF0F5 /* ShellScript */,
				CEFA94EF1EA2EE31009B5809 /* Embed Frameworks */,
				FCFBF8EE6D7AB7B0579C833F /* [CP] Embed Pods Frameworks */,
				5E1C2B3F2202C10900A6BC78 /* ShellScript */,
			);
			buildRules = (
			);
			dependencies = (
			);
			name = FTPTracker;
			productName = TraccarClient;
			productReference = CED4871817DB1BF6007FCF57 /* FTPTracker.app */;
			productType = "com.apple.product-type.application";
		};
		CEE286CD1B80839600AE7E83 /* FTPTrackerTests */ = {
			isa = PBXNativeTarget;
			buildConfigurationList = CEE286D61B80839700AE7E83 /* Build configuration list for PBXNativeTarget "FTPTrackerTests" */;
			buildPhases = (
				57CB0582E3B3562A782F75C7 /* [CP] Check Pods Manifest.lock */,
				CEE286CA1B80839600AE7E83 /* Sources */,
				CEE286CB1B80839600AE7E83 /* Frameworks */,
				CEE286CC1B80839600AE7E83 /* Resources */,
				9B558E5AD0FA8E36113A7098 /* [CP] Embed Pods Frameworks */,
			);
			buildRules = (
			);
			dependencies = (
				CEE286D51B80839700AE7E83 /* PBXTargetDependency */,
			);
			name = FTPTrackerTests;
			productName = TraccarClientTests;
			productReference = CEE286CE1B80839700AE7E83 /* FTPTrackerTests.xctest */;
			productType = "com.apple.product-type.bundle.unit-test";
		};
/* End PBXNativeTarget section */

/* Begin PBXProject section */
		CED4871017DB1BF6007FCF57 /* Project object */ = {
			isa = PBXProject;
			attributes = {
				LastUpgradeCheck = 1200;
				ORGANIZATIONNAME = ftpsolutions;
				TargetAttributes = {
					CED4871717DB1BF6007FCF57 = {
						DevelopmentTeam = PYRQ46X5NG;
						LastSwiftMigration = 1100;
					};
					CEE286CD1B80839600AE7E83 = {
						CreatedOnToolsVersion = 6.4;
						LastSwiftMigration = 1100;
						TestTargetID = CED4871717DB1BF6007FCF57;
					};
				};
			};
			buildConfigurationList = CED4871317DB1BF6007FCF57 /* Build configuration list for PBXProject "FTP Tracker" */;
			compatibilityVersion = "Xcode 3.2";
			developmentRegion = en;
			hasScannedForEncodings = 0;
			knownRegions = (
				en,
				Base,
				de,
				es,
				fr,
				pt,
				ru,
				"pt-BR",
				it,
				pl,
				nl,
				zh,
				ko,
				ja,
			);
			mainGroup = CED4870F17DB1BF6007FCF57;
			productRefGroup = CED4871917DB1BF6007FCF57 /* Products */;
			projectDirPath = "";
			projectRoot = "";
			targets = (
				CED4871717DB1BF6007FCF57 /* FTPTracker */,
				CEE286CD1B80839600AE7E83 /* FTPTrackerTests */,
			);
		};
/* End PBXProject section */

/* Begin PBXResourcesBuildPhase section */
		CED4871617DB1BF6007FCF57 /* Resources */ = {
			isa = PBXResourcesBuildPhase;
			buildActionMask = 2147483647;
			files = (
				CEF6433C1B91AA9400195CEA /* MainStoryboard.storyboard in Resources */,
				CEF6433D1B91AA9400195CEA /* Localizable.strings in Resources */,
				CE5899C81B115C9100ED70D2 /* Images.xcassets in Resources */,
				CEF643271B919FFA00195CEA /* LaunchScreen.xib in Resources */,
				CED4879B17DB1E61007FCF57 /* InAppSettings.bundle in Resources */,
			);
			runOnlyForDeploymentPostprocessing = 0;
		};
		CEE286CC1B80839600AE7E83 /* Resources */ = {
			isa = PBXResourcesBuildPhase;
			buildActionMask = 2147483647;
			files = (
			);
			runOnlyForDeploymentPostprocessing = 0;
		};
/* End PBXResourcesBuildPhase section */

/* Begin PBXShellScriptBuildPhase section */
		1C45497C39E13645FFE1641E /* [CP] Check Pods Manifest.lock */ = {
			isa = PBXShellScriptBuildPhase;
			buildActionMask = 2147483647;
			files = (
			);
			inputPaths = (
				"${PODS_PODFILE_DIR_PATH}/Podfile.lock",
				"${PODS_ROOT}/Manifest.lock",
			);
			name = "[CP] Check Pods Manifest.lock";
			outputPaths = (
				"$(DERIVED_FILE_DIR)/Pods-FTPTracker-checkManifestLockResult.txt",
			);
			runOnlyForDeploymentPostprocessing = 0;
			shellPath = /bin/sh;
			shellScript = "diff \"${PODS_PODFILE_DIR_PATH}/Podfile.lock\" \"${PODS_ROOT}/Manifest.lock\" > /dev/null\nif [ $? != 0 ] ; then\n    # print error to STDERR\n    echo \"error: The sandbox is not in sync with the Podfile.lock. Run 'pod install' or update your CocoaPods installation.\" >&2\n    exit 1\nfi\n# This output is used by Xcode 'outputs' to avoid re-running this script phase.\necho \"SUCCESS\" > \"${SCRIPT_OUTPUT_FILE_0}\"\n";
			showEnvVarsInLog = 0;
		};
		57CB0582E3B3562A782F75C7 /* [CP] Check Pods Manifest.lock */ = {
			isa = PBXShellScriptBuildPhase;
			buildActionMask = 2147483647;
			files = (
			);
			inputPaths = (
				"${PODS_PODFILE_DIR_PATH}/Podfile.lock",
				"${PODS_ROOT}/Manifest.lock",
			);
			name = "[CP] Check Pods Manifest.lock";
			outputPaths = (
				"$(DERIVED_FILE_DIR)/Pods-FTPTrackerTests-checkManifestLockResult.txt",
			);
			runOnlyForDeploymentPostprocessing = 0;
			shellPath = /bin/sh;
			shellScript = "diff \"${PODS_PODFILE_DIR_PATH}/Podfile.lock\" \"${PODS_ROOT}/Manifest.lock\" > /dev/null\nif [ $? != 0 ] ; then\n    # print error to STDERR\n    echo \"error: The sandbox is not in sync with the Podfile.lock. Run 'pod install' or update your CocoaPods installation.\" >&2\n    exit 1\nfi\n# This output is used by Xcode 'outputs' to avoid re-running this script phase.\necho \"SUCCESS\" > \"${SCRIPT_OUTPUT_FILE_0}\"\n";
			showEnvVarsInLog = 0;
		};
		5E1C2B3F2202C10900A6BC78 /* ShellScript */ = {
			isa = PBXShellScriptBuildPhase;
			buildActionMask = 2147483647;
			files = (
			);
			inputFileListPaths = (
			);
			inputPaths = (
				"$(BUILT_PRODUCTS_DIR)/$(INFOPLIST_PATH)",
			);
			outputFileListPaths = (
			);
			outputPaths = (
			);
			runOnlyForDeploymentPostprocessing = 0;
			shellPath = /bin/sh;
			shellScript = "if [ \"${CONFIGURATION}\" = \"Google\" ]; then\n\"${PODS_ROOT}/FirebaseCrashlytics/run\"\nfi\n";
		};
		5E3175221F692FA600CDF0F5 /* ShellScript */ = {
			isa = PBXShellScriptBuildPhase;
			buildActionMask = 2147483647;
			files = (
			);
			inputPaths = (
			);
			outputPaths = (
			);
			runOnlyForDeploymentPostprocessing = 0;
			shellPath = /bin/sh;
			shellScript = "if [ \"${CONFIGURATION}\" = \"Google\" ]; then\ncp -r \"${PROJECT_DIR}/../environment/google-services/traccar-client-ios.plist\" \"${BUILT_PRODUCTS_DIR}/${PRODUCT_NAME}.app/GoogleService-Info.plist\"\nfi\n";
		};
		9B558E5AD0FA8E36113A7098 /* [CP] Embed Pods Frameworks */ = {
			isa = PBXShellScriptBuildPhase;
			buildActionMask = 2147483647;
			files = (
			);
			inputPaths = (
				"${PODS_ROOT}/Target Support Files/Pods-FTPTrackerTests/Pods-FTPTrackerTests-frameworks.sh",
				"${BUILT_PRODUCTS_DIR}/GoogleUtilities/GoogleUtilities.framework",
				"${BUILT_PRODUCTS_DIR}/InAppSettingsKit/InAppSettingsKit.framework",
				"${BUILT_PRODUCTS_DIR}/PromisesObjC/FBLPromises.framework",
				"${BUILT_PRODUCTS_DIR}/nanopb/nanopb.framework",
			);
			name = "[CP] Embed Pods Frameworks";
			outputPaths = (
				"${TARGET_BUILD_DIR}/${FRAMEWORKS_FOLDER_PATH}/GoogleUtilities.framework",
				"${TARGET_BUILD_DIR}/${FRAMEWORKS_FOLDER_PATH}/InAppSettingsKit.framework",
				"${TARGET_BUILD_DIR}/${FRAMEWORKS_FOLDER_PATH}/FBLPromises.framework",
				"${TARGET_BUILD_DIR}/${FRAMEWORKS_FOLDER_PATH}/nanopb.framework",
			);
			runOnlyForDeploymentPostprocessing = 0;
			shellPath = /bin/sh;
			shellScript = "\"${PODS_ROOT}/Target Support Files/Pods-FTPTrackerTests/Pods-FTPTrackerTests-frameworks.sh\"\n";
			showEnvVarsInLog = 0;
		};
		FCFBF8EE6D7AB7B0579C833F /* [CP] Embed Pods Frameworks */ = {
			isa = PBXShellScriptBuildPhase;
			buildActionMask = 2147483647;
			files = (
			);
			inputPaths = (
				"${PODS_ROOT}/Target Support Files/Pods-FTPTracker/Pods-FTPTracker-frameworks.sh",
				"${BUILT_PRODUCTS_DIR}/DataCompression/DataCompression.framework",
				"${BUILT_PRODUCTS_DIR}/GoogleUtilities/GoogleUtilities.framework",
				"${BUILT_PRODUCTS_DIR}/InAppSettingsKit/InAppSettingsKit.framework",
				"${BUILT_PRODUCTS_DIR}/PromisesObjC/FBLPromises.framework",
				"${BUILT_PRODUCTS_DIR}/SwiftSocket/SwiftSocket.framework",
				"${BUILT_PRODUCTS_DIR}/nanopb/nanopb.framework",
			);
			name = "[CP] Embed Pods Frameworks";
			outputPaths = (
				"${TARGET_BUILD_DIR}/${FRAMEWORKS_FOLDER_PATH}/DataCompression.framework",
				"${TARGET_BUILD_DIR}/${FRAMEWORKS_FOLDER_PATH}/GoogleUtilities.framework",
				"${TARGET_BUILD_DIR}/${FRAMEWORKS_FOLDER_PATH}/InAppSettingsKit.framework",
				"${TARGET_BUILD_DIR}/${FRAMEWORKS_FOLDER_PATH}/FBLPromises.framework",
				"${TARGET_BUILD_DIR}/${FRAMEWORKS_FOLDER_PATH}/SwiftSocket.framework",
				"${TARGET_BUILD_DIR}/${FRAMEWORKS_FOLDER_PATH}/nanopb.framework",
			);
			runOnlyForDeploymentPostprocessing = 0;
			shellPath = /bin/sh;
			shellScript = "\"${PODS_ROOT}/Target Support Files/Pods-FTPTracker/Pods-FTPTracker-frameworks.sh\"\n";
			showEnvVarsInLog = 0;
		};
/* End PBXShellScriptBuildPhase section */

/* Begin PBXSourcesBuildPhase section */
		CED4871417DB1BF6007FCF57 /* Sources */ = {
			isa = PBXSourcesBuildPhase;
			buildActionMask = 2147483647;
			files = (
				CB7ED0801F6602CD00A33FCF /* Position.swift in Sources */,
				CBAA0F7F1F68E807008BBBBE /* MainViewController.swift in Sources */,
				CB7ED0821F661B4F00A33FCF /* PositionProvider.swift in Sources */,
				CB4197991F67724F008F301C /* NetworkManager.swift in Sources */,
				CB7ED0841F662BAF00A33FCF /* AppDelegate.swift in Sources */,
				5E716A2B1F63A60800A2DBC3 /* ProtocolFormatter.swift in Sources */,
				CBCE82F21B8D265800A7318B /* TraccarClient.xcdatamodeld in Sources */,
				CBAA0F7D1F68E14C008BBBBE /* StatusViewController.swift in Sources */,
				CBAA0F811F68EB62008BBBBE /* TrackingController.swift in Sources */,
				5E716A271F63A0B100A2DBC3 /* DistanceCalculator.swift in Sources */,
				5E716A291F63A45A00A2DBC3 /* RequestManager.swift in Sources */,
				CB4197931F674A3E008F301C /* DatabaseHelper.swift in Sources */,
			);
			runOnlyForDeploymentPostprocessing = 0;
		};
		CEE286CA1B80839600AE7E83 /* Sources */ = {
			isa = PBXSourcesBuildPhase;
			buildActionMask = 2147483647;
			files = (
				5E716A301F63A9F600A2DBC3 /* RequestManagerTests.swift in Sources */,
				CB4197971F676B52008F301C /* DatabaseHelperTests.swift in Sources */,
				5E716A2E1F63A7A200A2DBC3 /* ProtocolFormatterTests.swift in Sources */,
				CB4197951F675518008F301C /* CoreDataTests.swift in Sources */,
			);
			runOnlyForDeploymentPostprocessing = 0;
		};
/* End PBXSourcesBuildPhase section */

/* Begin PBXTargetDependency section */
		CEE286D51B80839700AE7E83 /* PBXTargetDependency */ = {
			isa = PBXTargetDependency;
			target = CED4871717DB1BF6007FCF57 /* FTPTracker */;
			targetProxy = CEE286D41B80839700AE7E83 /* PBXContainerItemProxy */;
		};
/* End PBXTargetDependency section */

/* Begin PBXVariantGroup section */
		CED4873317DB1BF6007FCF57 /* MainStoryboard.storyboard */ = {
			isa = PBXVariantGroup;
			children = (
				CEF254DD1B905266001DEFD2 /* ru */,
				CEF254DF1B9052EB001DEFD2 /* Base */,
				CEF6432A1B91A48B00195CEA /* de */,
				CEF6432C1B91A49400195CEA /* es */,
				CEF6432E1B91A49700195CEA /* fr */,
				CEF643321B91A4BF00195CEA /* pt */,
				CE2FA5181CB935C9007F86B4 /* en */,
				CE4B80FE1EC71CAE00D1C41D /* pt-BR */,
				CE4B81001EC71CCF00D1C41D /* it */,
				CE4B81021EC71CFF00D1C41D /* pl */,
				CE4B81041EC71D1700D1C41D /* nl */,
				CE4B81061EC71D3600D1C41D /* zh */,
				CE4B81081EC71D4300D1C41D /* ko */,
				CE4B810A1EC71D4800D1C41D /* ja */,
			);
			name = MainStoryboard.storyboard;
			sourceTree = "<group>";
		};
		CEF643371B91A94600195CEA /* Localizable.strings */ = {
			isa = PBXVariantGroup;
			children = (
				CEF643361B91A94600195CEA /* Base */,
				CEF643381B91A95700195CEA /* de */,
				CEF643391B91A98300195CEA /* ru */,
				CEECE4B91B91AE2B00EB6F4A /* es */,
				CEECE4BA1B91AE2C00EB6F4A /* fr */,
				CEECE4BB1B91AE2D00EB6F4A /* pt */,
				CE4B80FF1EC71CAE00D1C41D /* pt-BR */,
				CE4B81011EC71CCF00D1C41D /* it */,
				CE4B81031EC71CFF00D1C41D /* pl */,
				CE4B81051EC71D1700D1C41D /* nl */,
				CE4B81071EC71D3600D1C41D /* zh */,
				CE4B81091EC71D4300D1C41D /* ko */,
				CE4B810B1EC71D4800D1C41D /* ja */,
			);
			name = Localizable.strings;
			sourceTree = "<group>";
		};
/* End PBXVariantGroup section */

/* Begin XCBuildConfiguration section */
		5E3175231F69305200CDF0F5 /* Google */ = {
			isa = XCBuildConfiguration;
			buildSettings = {
				ALWAYS_SEARCH_USER_PATHS = NO;
				CLANG_ANALYZER_LOCALIZABILITY_NONLOCALIZED = YES;
				CLANG_CXX_LANGUAGE_STANDARD = "gnu++0x";
				CLANG_CXX_LIBRARY = "libc++";
				CLANG_ENABLE_OBJC_ARC = YES;
				CLANG_WARN_BLOCK_CAPTURE_AUTORELEASING = YES;
				CLANG_WARN_BOOL_CONVERSION = YES;
				CLANG_WARN_COMMA = YES;
				CLANG_WARN_CONSTANT_CONVERSION = YES;
				CLANG_WARN_DEPRECATED_OBJC_IMPLEMENTATIONS = YES;
				CLANG_WARN_EMPTY_BODY = YES;
				CLANG_WARN_ENUM_CONVERSION = YES;
				CLANG_WARN_INFINITE_RECURSION = YES;
				CLANG_WARN_INT_CONVERSION = YES;
				CLANG_WARN_NON_LITERAL_NULL_CONVERSION = YES;
				CLANG_WARN_OBJC_IMPLICIT_RETAIN_SELF = YES;
				CLANG_WARN_OBJC_LITERAL_CONVERSION = YES;
				CLANG_WARN_QUOTED_INCLUDE_IN_FRAMEWORK_HEADER = YES;
				CLANG_WARN_RANGE_LOOP_ANALYSIS = YES;
				CLANG_WARN_STRICT_PROTOTYPES = YES;
				CLANG_WARN_SUSPICIOUS_MOVE = YES;
				CLANG_WARN_UNREACHABLE_CODE = YES;
				CLANG_WARN__DUPLICATE_METHOD_MATCH = YES;
				"CODE_SIGN_IDENTITY[sdk=iphoneos*]" = "iPhone Developer";
				COPY_PHASE_STRIP = YES;
				DEFINES_MODULE = YES;
				ENABLE_STRICT_OBJC_MSGSEND = YES;
				GCC_C_LANGUAGE_STANDARD = gnu99;
				GCC_NO_COMMON_BLOCKS = YES;
				GCC_WARN_64_TO_32_BIT_CONVERSION = YES;
				GCC_WARN_ABOUT_RETURN_TYPE = YES;
				GCC_WARN_UNDECLARED_SELECTOR = YES;
				GCC_WARN_UNINITIALIZED_AUTOS = YES;
				GCC_WARN_UNUSED_FUNCTION = YES;
				GCC_WARN_UNUSED_VARIABLE = YES;
				IPHONEOS_DEPLOYMENT_TARGET = 12.0;
				OTHER_CFLAGS = "-DNS_BLOCK_ASSERTIONS=1";
				SDKROOT = iphoneos;
				SWIFT_OPTIMIZATION_LEVEL = "-Owholemodule";
				TARGETED_DEVICE_FAMILY = "1,2";
				VALIDATE_PRODUCT = YES;
			};
			name = Google;
		};
		5E3175241F69305200CDF0F5 /* Google */ = {
			isa = XCBuildConfiguration;
			baseConfigurationReference = 121C5F49FE36286698B8E6F5 /* Pods-FTPTracker.google.xcconfig */;
			buildSettings = {
				ASSETCATALOG_COMPILER_APPICON_NAME = AppIcon;
				CLANG_ENABLE_MODULES = YES;
				CODE_SIGN_IDENTITY = "iPhone Developer";
				"CODE_SIGN_IDENTITY[sdk=iphoneos*]" = "iPhone Developer";
				COPY_PHASE_STRIP = NO;
				CURRENT_PROJECT_VERSION = 1;
				DEFINES_MODULE = YES;
				DEVELOPMENT_TEAM = PYRQ46X5NG;
				"EXCLUDED_ARCHS[sdk=iphonesimulator*]" = arm64;
				FRAMEWORK_SEARCH_PATHS = "$(inherited)";
				GCC_PRECOMPILE_PREFIX_HEADER = YES;
				GCC_PREFIX_HEADER = "TraccarClient/TraccarClient-Prefix.pch";
				INFOPLIST_FILE = "TraccarClient/TraccarClient-Info.plist";
				IPHONEOS_DEPLOYMENT_TARGET = 12.0;
				LD_RUNPATH_SEARCH_PATHS = "$(inherited) @executable_path/Frameworks";
				MARKETING_VERSION = 1.0.0;
				OTHER_SWIFT_FLAGS = "-D FIREBASE";
				PRODUCT_BUNDLE_IDENTIFIER = com.84ace.ios.ftptracker;
				PRODUCT_NAME = "$(TARGET_NAME)";
				PROVISIONING_PROFILE = "";
				SWIFT_OBJC_BRIDGING_HEADER = "";
				SWIFT_SWIFT3_OBJC_INFERENCE = On;
				SWIFT_VERSION = 5.0;
				WRAPPER_EXTENSION = app;
			};
			name = Google;
		};
		5E3175251F69305200CDF0F5 /* Google */ = {
			isa = XCBuildConfiguration;
			baseConfigurationReference = D34A6DB010D534E0657D15C7 /* Pods-FTPTrackerTests.google.xcconfig */;
			buildSettings = {
				ALWAYS_EMBED_SWIFT_STANDARD_LIBRARIES = YES;
				BUNDLE_LOADER = "$(TEST_HOST)";
				CLANG_ENABLE_MODULES = YES;
				CLANG_WARN_BOOL_CONVERSION = YES;
				CLANG_WARN_DIRECT_OBJC_ISA_USAGE = YES_ERROR;
				CLANG_WARN_OBJC_ROOT_CLASS = YES_ERROR;
				CLANG_WARN_UNREACHABLE_CODE = YES;
				COPY_PHASE_STRIP = NO;
				DEBUG_INFORMATION_FORMAT = "dwarf-with-dsym";
				ENABLE_NS_ASSERTIONS = NO;
				ENABLE_STRICT_OBJC_MSGSEND = YES;
				GCC_NO_COMMON_BLOCKS = YES;
				GCC_WARN_64_TO_32_BIT_CONVERSION = YES;
				GCC_WARN_ABOUT_RETURN_TYPE = YES_ERROR;
				GCC_WARN_UNDECLARED_SELECTOR = YES;
				GCC_WARN_UNINITIALIZED_AUTOS = YES_AGGRESSIVE;
				GCC_WARN_UNUSED_FUNCTION = YES;
				INFOPLIST_FILE = TraccarClientTests/Info.plist;
				IPHONEOS_DEPLOYMENT_TARGET = 12.0;
				LD_RUNPATH_SEARCH_PATHS = "$(inherited) @executable_path/Frameworks @loader_path/Frameworks";
				MTL_ENABLE_DEBUG_INFO = NO;
				PRODUCT_BUNDLE_IDENTIFIER = "org.traccar.client.$(PRODUCT_NAME:rfc1034identifier)";
				PRODUCT_NAME = "$(TARGET_NAME)";
				SWIFT_OBJC_BRIDGING_HEADER = "";
				SWIFT_SWIFT3_OBJC_INFERENCE = On;
				SWIFT_VERSION = 5.0;
				TEST_HOST = "$(BUILT_PRODUCTS_DIR)/FTPTracker.app/FTPTracker";
			};
			name = Google;
		};
		CED4873C17DB1BF6007FCF57 /* Debug */ = {
			isa = XCBuildConfiguration;
			buildSettings = {
				ALWAYS_SEARCH_USER_PATHS = NO;
				CLANG_ANALYZER_LOCALIZABILITY_NONLOCALIZED = YES;
				CLANG_CXX_LANGUAGE_STANDARD = "gnu++0x";
				CLANG_CXX_LIBRARY = "libc++";
				CLANG_ENABLE_OBJC_ARC = YES;
				CLANG_WARN_BLOCK_CAPTURE_AUTORELEASING = YES;
				CLANG_WARN_BOOL_CONVERSION = YES;
				CLANG_WARN_COMMA = YES;
				CLANG_WARN_CONSTANT_CONVERSION = YES;
				CLANG_WARN_DEPRECATED_OBJC_IMPLEMENTATIONS = YES;
				CLANG_WARN_EMPTY_BODY = YES;
				CLANG_WARN_ENUM_CONVERSION = YES;
				CLANG_WARN_INFINITE_RECURSION = YES;
				CLANG_WARN_INT_CONVERSION = YES;
				CLANG_WARN_NON_LITERAL_NULL_CONVERSION = YES;
				CLANG_WARN_OBJC_IMPLICIT_RETAIN_SELF = YES;
				CLANG_WARN_OBJC_LITERAL_CONVERSION = YES;
				CLANG_WARN_QUOTED_INCLUDE_IN_FRAMEWORK_HEADER = YES;
				CLANG_WARN_RANGE_LOOP_ANALYSIS = YES;
				CLANG_WARN_STRICT_PROTOTYPES = YES;
				CLANG_WARN_SUSPICIOUS_MOVE = YES;
				CLANG_WARN_UNREACHABLE_CODE = YES;
				CLANG_WARN__DUPLICATE_METHOD_MATCH = YES;
				"CODE_SIGN_IDENTITY[sdk=iphoneos*]" = "iPhone Developer";
				COPY_PHASE_STRIP = NO;
				DEFINES_MODULE = YES;
				ENABLE_STRICT_OBJC_MSGSEND = YES;
				ENABLE_TESTABILITY = YES;
				GCC_C_LANGUAGE_STANDARD = gnu99;
				GCC_DYNAMIC_NO_PIC = NO;
				GCC_NO_COMMON_BLOCKS = YES;
				GCC_OPTIMIZATION_LEVEL = 0;
				GCC_PREPROCESSOR_DEFINITIONS = (
					"DEBUG=1",
					"$(inherited)",
				);
				GCC_SYMBOLS_PRIVATE_EXTERN = NO;
				GCC_WARN_64_TO_32_BIT_CONVERSION = YES;
				GCC_WARN_ABOUT_RETURN_TYPE = YES;
				GCC_WARN_UNDECLARED_SELECTOR = YES;
				GCC_WARN_UNINITIALIZED_AUTOS = YES;
				GCC_WARN_UNUSED_FUNCTION = YES;
				GCC_WARN_UNUSED_VARIABLE = YES;
				IPHONEOS_DEPLOYMENT_TARGET = 12.0;
				ONLY_ACTIVE_ARCH = YES;
				SDKROOT = iphoneos;
				TARGETED_DEVICE_FAMILY = "1,2";
			};
			name = Debug;
		};
		CED4873D17DB1BF6007FCF57 /* Release */ = {
			isa = XCBuildConfiguration;
			buildSettings = {
				ALWAYS_SEARCH_USER_PATHS = NO;
				CLANG_ANALYZER_LOCALIZABILITY_NONLOCALIZED = YES;
				CLANG_CXX_LANGUAGE_STANDARD = "gnu++0x";
				CLANG_CXX_LIBRARY = "libc++";
				CLANG_ENABLE_OBJC_ARC = YES;
				CLANG_WARN_BLOCK_CAPTURE_AUTORELEASING = YES;
				CLANG_WARN_BOOL_CONVERSION = YES;
				CLANG_WARN_COMMA = YES;
				CLANG_WARN_CONSTANT_CONVERSION = YES;
				CLANG_WARN_DEPRECATED_OBJC_IMPLEMENTATIONS = YES;
				CLANG_WARN_EMPTY_BODY = YES;
				CLANG_WARN_ENUM_CONVERSION = YES;
				CLANG_WARN_INFINITE_RECURSION = YES;
				CLANG_WARN_INT_CONVERSION = YES;
				CLANG_WARN_NON_LITERAL_NULL_CONVERSION = YES;
				CLANG_WARN_OBJC_IMPLICIT_RETAIN_SELF = YES;
				CLANG_WARN_OBJC_LITERAL_CONVERSION = YES;
				CLANG_WARN_QUOTED_INCLUDE_IN_FRAMEWORK_HEADER = YES;
				CLANG_WARN_RANGE_LOOP_ANALYSIS = YES;
				CLANG_WARN_STRICT_PROTOTYPES = YES;
				CLANG_WARN_SUSPICIOUS_MOVE = YES;
				CLANG_WARN_UNREACHABLE_CODE = YES;
				CLANG_WARN__DUPLICATE_METHOD_MATCH = YES;
				"CODE_SIGN_IDENTITY[sdk=iphoneos*]" = "iPhone Developer";
				COPY_PHASE_STRIP = YES;
				DEFINES_MODULE = YES;
				ENABLE_STRICT_OBJC_MSGSEND = YES;
				GCC_C_LANGUAGE_STANDARD = gnu99;
				GCC_NO_COMMON_BLOCKS = YES;
				GCC_WARN_64_TO_32_BIT_CONVERSION = YES;
				GCC_WARN_ABOUT_RETURN_TYPE = YES;
				GCC_WARN_UNDECLARED_SELECTOR = YES;
				GCC_WARN_UNINITIALIZED_AUTOS = YES;
				GCC_WARN_UNUSED_FUNCTION = YES;
				GCC_WARN_UNUSED_VARIABLE = YES;
				IPHONEOS_DEPLOYMENT_TARGET = 12.0;
				OTHER_CFLAGS = "-DNS_BLOCK_ASSERTIONS=1";
				SDKROOT = iphoneos;
				SWIFT_OPTIMIZATION_LEVEL = "-Owholemodule";
				TARGETED_DEVICE_FAMILY = "1,2";
				VALIDATE_PRODUCT = YES;
			};
			name = Release;
		};
		CED4873F17DB1BF6007FCF57 /* Debug */ = {
			isa = XCBuildConfiguration;
			baseConfigurationReference = B6285C52424EE62A3E193AC9 /* Pods-FTPTracker.debug.xcconfig */;
			buildSettings = {
				ASSETCATALOG_COMPILER_APPICON_NAME = AppIcon;
				CLANG_ENABLE_MODULES = YES;
				CODE_SIGN_IDENTITY = "iPhone Developer";
				"CODE_SIGN_IDENTITY[sdk=iphoneos*]" = "iPhone Developer";
				CURRENT_PROJECT_VERSION = 1;
				DEFINES_MODULE = YES;
				DEVELOPMENT_TEAM = PYRQ46X5NG;
				"EXCLUDED_ARCHS[sdk=iphonesimulator*]" = arm64;
				FRAMEWORK_SEARCH_PATHS = "$(inherited)";
				GCC_PRECOMPILE_PREFIX_HEADER = YES;
				GCC_PREFIX_HEADER = "TraccarClient/TraccarClient-Prefix.pch";
				INFOPLIST_FILE = "TraccarClient/TraccarClient-Info.plist";
				IPHONEOS_DEPLOYMENT_TARGET = 12.0;
				LD_RUNPATH_SEARCH_PATHS = "$(inherited) @executable_path/Frameworks";
				MARKETING_VERSION = 1.0.0;
				PRODUCT_BUNDLE_IDENTIFIER = com.84ace.ios.ftptracker;
				PRODUCT_NAME = "$(TARGET_NAME)";
				PROVISIONING_PROFILE = "";
				SWIFT_OBJC_BRIDGING_HEADER = "";
				SWIFT_OPTIMIZATION_LEVEL = "-Onone";
				SWIFT_SWIFT3_OBJC_INFERENCE = On;
				SWIFT_VERSION = 5.0;
				WRAPPER_EXTENSION = app;
			};
			name = Debug;
		};
		CED4874017DB1BF6007FCF57 /* Release */ = {
			isa = XCBuildConfiguration;
			baseConfigurationReference = BBF2B314CB22A18F04C92957 /* Pods-FTPTracker.release.xcconfig */;
			buildSettings = {
				ASSETCATALOG_COMPILER_APPICON_NAME = AppIcon;
				CLANG_ENABLE_MODULES = YES;
				CODE_SIGN_IDENTITY = "Apple Development";
				"CODE_SIGN_IDENTITY[sdk=iphoneos*]" = "iPhone Developer";
				CODE_SIGN_STYLE = Automatic;
				COPY_PHASE_STRIP = NO;
				CURRENT_PROJECT_VERSION = 1;
				DEFINES_MODULE = YES;
				DEVELOPMENT_TEAM = PYRQ46X5NG;
				"EXCLUDED_ARCHS[sdk=iphonesimulator*]" = arm64;
				FRAMEWORK_SEARCH_PATHS = "$(inherited)";
				GCC_PRECOMPILE_PREFIX_HEADER = YES;
				GCC_PREFIX_HEADER = "TraccarClient/TraccarClient-Prefix.pch";
				INFOPLIST_FILE = "TraccarClient/TraccarClient-Info.plist";
				IPHONEOS_DEPLOYMENT_TARGET = 12.0;
				LD_RUNPATH_SEARCH_PATHS = "$(inherited) @executable_path/Frameworks";
				MARKETING_VERSION = 1.0.0;
				PRODUCT_BUNDLE_IDENTIFIER = com.84ace.ios.ftptracker;
				PRODUCT_NAME = "$(TARGET_NAME)";
				PROVISIONING_PROFILE = "";
				PROVISIONING_PROFILE_SPECIFIER = "";
				SWIFT_OBJC_BRIDGING_HEADER = "";
				SWIFT_SWIFT3_OBJC_INFERENCE = On;
				SWIFT_VERSION = 5.0;
				WRAPPER_EXTENSION = app;
			};
			name = Release;
		};
		CEE286D71B80839700AE7E83 /* Debug */ = {
			isa = XCBuildConfiguration;
			baseConfigurationReference = 0ED3E0992C6B9026B43AC4C4 /* Pods-FTPTrackerTests.debug.xcconfig */;
			buildSettings = {
				ALWAYS_EMBED_SWIFT_STANDARD_LIBRARIES = YES;
				BUNDLE_LOADER = "$(TEST_HOST)";
				CLANG_ENABLE_MODULES = YES;
				CLANG_WARN_BOOL_CONVERSION = YES;
				CLANG_WARN_DIRECT_OBJC_ISA_USAGE = YES_ERROR;
				CLANG_WARN_OBJC_ROOT_CLASS = YES_ERROR;
				CLANG_WARN_UNREACHABLE_CODE = YES;
				DEBUG_INFORMATION_FORMAT = "dwarf-with-dsym";
				ENABLE_STRICT_OBJC_MSGSEND = YES;
				GCC_NO_COMMON_BLOCKS = YES;
				GCC_PREPROCESSOR_DEFINITIONS = (
					"DEBUG=1",
					"$(inherited)",
				);
				GCC_WARN_64_TO_32_BIT_CONVERSION = YES;
				GCC_WARN_ABOUT_RETURN_TYPE = YES_ERROR;
				GCC_WARN_UNDECLARED_SELECTOR = YES;
				GCC_WARN_UNINITIALIZED_AUTOS = YES_AGGRESSIVE;
				GCC_WARN_UNUSED_FUNCTION = YES;
				INFOPLIST_FILE = TraccarClientTests/Info.plist;
				IPHONEOS_DEPLOYMENT_TARGET = 12.0;
				LD_RUNPATH_SEARCH_PATHS = "$(inherited) @executable_path/Frameworks @loader_path/Frameworks";
				MTL_ENABLE_DEBUG_INFO = YES;
				PRODUCT_BUNDLE_IDENTIFIER = "org.traccar.client.$(PRODUCT_NAME:rfc1034identifier)";
				PRODUCT_NAME = "$(TARGET_NAME)";
				SWIFT_OBJC_BRIDGING_HEADER = "";
				SWIFT_OPTIMIZATION_LEVEL = "-Onone";
				SWIFT_SWIFT3_OBJC_INFERENCE = On;
				SWIFT_VERSION = 5.0;
				TEST_HOST = "$(BUILT_PRODUCTS_DIR)/FTPTracker.app/FTPTracker";
			};
			name = Debug;
		};
		CEE286D81B80839700AE7E83 /* Release */ = {
			isa = XCBuildConfiguration;
			baseConfigurationReference = 4B765B758C96A0F126B99545 /* Pods-FTPTrackerTests.release.xcconfig */;
			buildSettings = {
				ALWAYS_EMBED_SWIFT_STANDARD_LIBRARIES = YES;
				BUNDLE_LOADER = "$(TEST_HOST)";
				CLANG_ENABLE_MODULES = YES;
				CLANG_WARN_BOOL_CONVERSION = YES;
				CLANG_WARN_DIRECT_OBJC_ISA_USAGE = YES_ERROR;
				CLANG_WARN_OBJC_ROOT_CLASS = YES_ERROR;
				CLANG_WARN_UNREACHABLE_CODE = YES;
				COPY_PHASE_STRIP = NO;
				DEBUG_INFORMATION_FORMAT = "dwarf-with-dsym";
				ENABLE_NS_ASSERTIONS = NO;
				ENABLE_STRICT_OBJC_MSGSEND = YES;
				GCC_NO_COMMON_BLOCKS = YES;
				GCC_WARN_64_TO_32_BIT_CONVERSION = YES;
				GCC_WARN_ABOUT_RETURN_TYPE = YES_ERROR;
				GCC_WARN_UNDECLARED_SELECTOR = YES;
				GCC_WARN_UNINITIALIZED_AUTOS = YES_AGGRESSIVE;
				GCC_WARN_UNUSED_FUNCTION = YES;
				INFOPLIST_FILE = TraccarClientTests/Info.plist;
				IPHONEOS_DEPLOYMENT_TARGET = 12.0;
				LD_RUNPATH_SEARCH_PATHS = "$(inherited) @executable_path/Frameworks @loader_path/Frameworks";
				MTL_ENABLE_DEBUG_INFO = NO;
				PRODUCT_BUNDLE_IDENTIFIER = "org.traccar.client.$(PRODUCT_NAME:rfc1034identifier)";
				PRODUCT_NAME = "$(TARGET_NAME)";
				SWIFT_OBJC_BRIDGING_HEADER = "";
				SWIFT_SWIFT3_OBJC_INFERENCE = On;
				SWIFT_VERSION = 5.0;
				TEST_HOST = "$(BUILT_PRODUCTS_DIR)/FTPTracker.app/FTPTracker";
			};
			name = Release;
		};
/* End XCBuildConfiguration section */

/* Begin XCConfigurationList section */
		CED4871317DB1BF6007FCF57 /* Build configuration list for PBXProject "FTP Tracker" */ = {
			isa = XCConfigurationList;
			buildConfigurations = (
				CED4873C17DB1BF6007FCF57 /* Debug */,
				CED4873D17DB1BF6007FCF57 /* Release */,
				5E3175231F69305200CDF0F5 /* Google */,
			);
			defaultConfigurationIsVisible = 0;
			defaultConfigurationName = Release;
		};
		CED4873E17DB1BF6007FCF57 /* Build configuration list for PBXNativeTarget "FTPTracker" */ = {
			isa = XCConfigurationList;
			buildConfigurations = (
				CED4873F17DB1BF6007FCF57 /* Debug */,
				CED4874017DB1BF6007FCF57 /* Release */,
				5E3175241F69305200CDF0F5 /* Google */,
			);
			defaultConfigurationIsVisible = 0;
			defaultConfigurationName = Release;
		};
		CEE286D61B80839700AE7E83 /* Build configuration list for PBXNativeTarget "FTPTrackerTests" */ = {
			isa = XCConfigurationList;
			buildConfigurations = (
				CEE286D71B80839700AE7E83 /* Debug */,
				CEE286D81B80839700AE7E83 /* Release */,
				5E3175251F69305200CDF0F5 /* Google */,
			);
			defaultConfigurationIsVisible = 0;
			defaultConfigurationName = Release;
		};
/* End XCConfigurationList section */

/* Begin XCVersionGroup section */
		CBCE82F01B8D265800A7318B /* TraccarClient.xcdatamodeld */ = {
			isa = XCVersionGroup;
			children = (
				CBCE82F11B8D265800A7318B /* TraccarClient.xcdatamodel */,
			);
			currentVersion = CBCE82F11B8D265800A7318B /* TraccarClient.xcdatamodel */;
			path = TraccarClient.xcdatamodeld;
			sourceTree = "<group>";
			versionGroupType = wrapper.xcdatamodel;
		};
/* End XCVersionGroup section */
	};
	rootObject = CED4871017DB1BF6007FCF57 /* Project object */;
}
